
Microsoft Visual Studio Solution File, Format Version 12.00
# Visual Studio 2013
VisualStudioVersion = 12.0.30723.0
MinimumVisualStudioVersion = 10.0.40219.1
Project("{2150E333-8FDC-42A3-9474-1A3956D46DE8}") = "ConsoleApp", "ConsoleApp", "{D4B8B8CD-3468-44EB-841A-9A5D0ABFB890}"
EndProject
Project("{2150E333-8FDC-42A3-9474-1A3956D46DE8}") = "Library", "Library", "{58174C6E-D780-4BC0-AD9F-737F31C12C9B}"
EndProject
Project("{2150E333-8FDC-42A3-9474-1A3956D46DE8}") = "Plugins", "Plugins", "{AA479F3F-9B43-4EE0-A551-3FB8BC38BFF8}"
EndProject
Project("{2150E333-8FDC-42A3-9474-1A3956D46DE8}") = "SqlAndScripts", "SqlAndScripts", "{BF67865B-8868-4E1A-8671-914B2E93D585}"
	ProjectSection(SolutionItems) = preProject
		SqlAndScripts\AKKonut_View.sql = SqlAndScripts\AKKonut_View.sql
		BuildingsManagement.js = BuildingsManagement.js
		CampaignActivity.js = CampaignActivity.js
		DicountProtocols.js = DicountProtocols.js
		Global.js = Global.js
		Incident.js = Incident.js
		SqlAndScripts\IntranetYuzdeleri.sql = SqlAndScripts\IntranetYuzdeleri.sql
		QuoteScripts.js = QuoteScripts.js
		QuoteScriptsPiLOT.js = QuoteScriptsPiLOT.js
		SalesCancelDetail.js = SalesCancelDetail.js
		SqlAndScripts\server.js = SqlAndScripts\server.js
		SqlAndScripts\tcpserver.js = SqlAndScripts\tcpserver.js
	EndProjectSection
EndProject
Project("{2150E333-8FDC-42A3-9474-1A3956D46DE8}") = "Web", "Web", "{589D874F-E4DC-44E7-AADE-F2F7E9BF7577}"
EndProject
Project("{2150E333-8FDC-42A3-9474-1A3956D46DE8}") = "WebServices", "WebServices", "{6E2D431F-7918-4958-8F55-5FCA8C69F740}"
EndProject
Project("{2150E333-8FDC-42A3-9474-1A3956D46DE8}") = "WindowsApp", "WindowsApp", "{6B00FA8A-9F1A-4298-8A06-22ECBA656E5B}"
EndProject
Project("{2150E333-8FDC-42A3-9474-1A3956D46DE8}") = "Assemblies", "Assemblies", "{3F74803E-E3D7-4ECB-AC1E-7BB52FA018A2}"
	ProjectSection(SolutionItems) = preProject
		Library\Assemblies\ChilkatDotNet4.dll = Library\Assemblies\ChilkatDotNet4.dll
		Library\Assemblies\ClosedXML.dll = Library\Assemblies\ClosedXML.dll
		Library\Assemblies\CsvParser.dll = Library\Assemblies\CsvParser.dll
		Library\Assemblies\DocumentFormat.OpenXml.dll = Library\Assemblies\DocumentFormat.OpenXml.dll
		Library\Assemblies\Ionic.Zip.dll = Library\Assemblies\Ionic.Zip.dll
		Library\Assemblies\MessagingToolkit.Barcode.dll = Library\Assemblies\MessagingToolkit.Barcode.dll
		Library\Assemblies\MessagingToolkit.Core.dll = Library\Assemblies\MessagingToolkit.Core.dll
		Library\Assemblies\MessagingToolkit.MMS.dll = Library\Assemblies\MessagingToolkit.MMS.dll
		Library\Assemblies\MessagingToolkit.Pdu.dll = Library\Assemblies\MessagingToolkit.Pdu.dll
		Library\Assemblies\MessagingToolkit.UI.dll = Library\Assemblies\MessagingToolkit.UI.dll
		Library\Assemblies\MessagingToolkit.Wap.dll = Library\Assemblies\MessagingToolkit.Wap.dll
		Library\Assemblies\Microsoft.Crm.Sdk.dll = Library\Assemblies\Microsoft.Crm.Sdk.dll
		Library\Assemblies\Microsoft.Crm.Sdk.Proxy.dll = Library\Assemblies\Microsoft.Crm.Sdk.Proxy.dll
		Library\Assemblies\Microsoft.Xrm.Sdk.dll = Library\Assemblies\Microsoft.Xrm.Sdk.dll
	EndProjectSection
EndProject
Project("{FAE04EC0-301F-11D3-BF4B-00C04F79EFBC}") = "NEF.Library.Business", "Library\NEF.Library.Business\NEF.Library.Business.csproj", "{CF0B7591-610A-45C5-A160-9F1F1FD01804}"
EndProject
Project("{FAE04EC0-301F-11D3-BF4B-00C04F79EFBC}") = "NEF.Library.Utility", "Library\NEF.Library.Utility\NEF.Library.Utility.csproj", "{A038843C-1375-4866-B4C9-5C090D90DCFF}"
EndProject
Project("{FAE04EC0-301F-11D3-BF4B-00C04F79EFBC}") = "NEF.Web.SalesPortal", "Web\NEF.Web.SalesPortal\NEF.Web.SalesPortal.csproj", "{4F2F71C5-C652-4E35-8DA5-4D1E4A3F78F1}"
EndProject
Project("{FAE04EC0-301F-11D3-BF4B-00C04F79EFBC}") = "NEF.WebServices.SalesPortal", "WebServices\NEF.WebServices.SalesPortal\NEF.WebServices.SalesPortal.csproj", "{10F748B6-0166-4A41-9FAC-FFC812568CC4}"
EndProject
Project("{FAE04EC0-301F-11D3-BF4B-00C04F79EFBC}") = "NEF.Plugins.ContactPlugIn", "Plugins\NEF.Plugins.ContactPlugIn\NEF.Plugins.ContactPlugIn.csproj", "{E7A8CEFD-9D11-424B-BA64-0D9CC4011375}"
EndProject
Project("{FAE04EC0-301F-11D3-BF4B-00C04F79EFBC}") = "NEF.Plugins.QuotePlugIn", "Plugins\NEF.Plugins.QuotePlugIn\NEF.Plugins.QuotePlugIn.csproj", "{C4FF1C9A-8B40-458F-A399-B13FD5DDED57}"
EndProject
Project("{FAE04EC0-301F-11D3-BF4B-00C04F79EFBC}") = "NEF.Plugins.PaymentPlugIn", "Plugins\NEF.Plugins.PaymentPlugIn\NEF.Plugins.PaymentPlugIn.csproj", "{483E469A-9B92-4B65-9382-0E15C013231F}"
EndProject
Project("{FAE04EC0-301F-11D3-BF4B-00C04F79EFBC}") = "NEF.ConsoleApp.LogoIntegration", "ConsoleApp\NEF.ConsoleApp.LogoIntegration\NEF.ConsoleApp.LogoIntegration.csproj", "{058A38E5-6B32-46EA-8B2B-1DFE21E759B8}"
EndProject
Project("{FAE04EC0-301F-11D3-BF4B-00C04F79EFBC}") = "NEF.Plugins.PhoneCallPlugIn", "Plugins\NEF.Plugins.PhoneCallPlugIn\NEF.Plugins.PhoneCallPlugIn.csproj", "{A0B2EE11-34B5-446F-BF99-D26CDBEE1E03}"
EndProject
Project("{FAE04EC0-301F-11D3-BF4B-00C04F79EFBC}") = "NEF.Plugins.AppointmentPlugIn", "Plugins\NEF.Plugins.AppointmentPlugIn\NEF.Plugins.AppointmentPlugIn.csproj", "{0BAF59E8-CBA6-408C-8784-630FD822CD9E}"
EndProject
Project("{FAE04EC0-301F-11D3-BF4B-00C04F79EFBC}") = "NEF.Web.Documents", "Web\NEF.Web.Documents\NEF.Web.Documents.csproj", "{08679C11-71A2-4E27-8BA2-9E817EADA654}"
EndProject
Project("{FAE04EC0-301F-11D3-BF4B-00C04F79EFBC}") = "NEF.Web.ProductImport", "Web\NEF.Web.ProductImport\NEF.Web.ProductImport.csproj", "{B16B2D98-1E9A-44F8-85F1-A6DE590F0FAC}"
EndProject
Project("{FAE04EC0-301F-11D3-BF4B-00C04F79EFBC}") = "NEF.ConsoleApp.HouseImportProcess", "ConsoleApp\NEF.ConsoleApp.HouseImportProcess\NEF.ConsoleApp.HouseImportProcess.csproj", "{F904F218-816D-4BF9-90FF-875F9429CE7F}"
EndProject
Project("{FAE04EC0-301F-11D3-BF4B-00C04F79EFBC}") = "NEF.Plugins.ProductPlugIn", "Plugins\NEF.Plugins.ProductPlugIn\NEF.Plugins.ProductPlugIn.csproj", "{40183893-36B5-4023-A1D1-AE52943D627D}"
EndProject
Project("{FAE04EC0-301F-11D3-BF4B-00C04F79EFBC}") = "NEF.ConsoleApp.ExchangeRateProcess", "ConsoleApp\NEF.ConsoleApp.ExchangeRate\NEF.ConsoleApp.ExchangeRateProcess.csproj", "{7BFECF22-C22D-4D50-8AAA-CC15F4D0F73D}"
EndProject
Project("{FAE04EC0-301F-11D3-BF4B-00C04F79EFBC}") = "NEF.Plugins.ExchangeRatePlugIn", "Plugins\NEF.Plugins.ExchangeRatePlugIn\NEF.Plugins.ExchangeRatePlugIn.csproj", "{D505DAF3-307F-4D8E-A9C6-DD1A3D75AAF1}"
EndProject
Project("{FAE04EC0-301F-11D3-BF4B-00C04F79EFBC}") = "NEF.ConsoleApp.DataMigration", "ConsoleApp\NEF.ConsoleApp.DataMigration\NEF.ConsoleApp.DataMigration.csproj", "{97062DE2-CCE4-44C3-8A1D-5EB9506D893B}"
EndProject
Project("{FAE04EC0-301F-11D3-BF4B-00C04F79EFBC}") = "NEF.Web.CrmPages", "Web\NEF.Web.CrmPages\NEF.Web.CrmPages.csproj", "{72703570-7C5D-429E-A968-F33667DBB27C}"
EndProject
Project("{FAE04EC0-301F-11D3-BF4B-00C04F79EFBC}") = "NEF.WebServices.Common", "WebServices\NEF.WebServices.Common\NEF.WebServices.Common.csproj", "{1328A45C-6408-4F1A-9E56-CB43608B131A}"
EndProject
Project("{FAE04EC0-301F-11D3-BF4B-00C04F79EFBC}") = "NEF.Plugins.AccountPlugIn", "Plugins\NEF.Plugins.AccountPlugIn\NEF.Plugins.AccountPlugIn.csproj", "{0A937261-38CD-4E84-A1B1-0F164A6491BF}"
EndProject
Project("{FAE04EC0-301F-11D3-BF4B-00C04F79EFBC}") = "NEF.WebServices.Integration", "WebServices\NEF.WebServices.Integration\NEF.WebServices.Integration.csproj", "{8518C7F5-B1EE-48FD-824E-6BEDEEE75026}"
EndProject
Project("{159641D6-6404-4A2A-AE62-294DE0FE8301}") = "NEFSSIS2", "SqlAndScripts\NEFSSIS2\NEFSSIS2.dtproj", "{3576DA17-68AE-4915-B757-1CB520070B34}"
EndProject
Project("{FAE04EC0-301F-11D3-BF4B-00C04F79EFBC}") = "NEF.WebServices.WebForm", "WebServices\NEF.WebServices.WebForm\NEF.WebServices.WebForm.csproj", "{355DCF08-756D-4930-98EB-0C76D33E6D7D}"
EndProject
Project("{FAE04EC0-301F-11D3-BF4B-00C04F79EFBC}") = "NEF.ConsoleApp.UpdateChannelOfAwareness", "ConsoleApp\NEF.ConsoleApp.UpdateChannelOfAwareness\NEF.ConsoleApp.UpdateChannelOfAwareness.csproj", "{418DF3C6-4748-45BE-8761-97E7677518AF}"
EndProject
Project("{FAE04EC0-301F-11D3-BF4B-00C04F79EFBC}") = "NEF.Plugins.SubParticipationSourcePlugIn", "Plugins\NEF.Plugins.SubParticipationSourcePlugIn\NEF.Plugins.SubParticipationSourcePlugIn.csproj", "{E2F0AE5A-BDDB-463D-8BED-693004F68900}"
EndProject
Project("{FAE04EC0-301F-11D3-BF4B-00C04F79EFBC}") = "NEF.Plugins.ChannelOfAwarenessPlugIn", "Plugins\NEF.Plugins.ChannelOfAwarenessPlugIn\NEF.Plugins.ChannelOfAwarenessPlugIn.csproj", "{1F45BA1B-8CA7-4BBC-9F11-7AA200D09137}"
EndProject
Project("{FAE04EC0-301F-11D3-BF4B-00C04F79EFBC}") = "NEF.ConsoleApp.UpdateProductStatus", "ConsoleApp\NEF.ConsoleApp.UpdateProductStatus\NEF.ConsoleApp.UpdateProductStatus.csproj", "{8051E054-9D68-4C52-BBC7-AA98EE1CEEE8}"
EndProject
Project("{FAE04EC0-301F-11D3-BF4B-00C04F79EFBC}") = "NEF.Plugins.HomeOption", "Plugins\NEF.Plugins.HomeOption\NEF.Plugins.HomeOption.csproj", "{A5CD7A17-504F-487B-97A0-E2DAD4450815}"
EndProject
Project("{FAE04EC0-301F-11D3-BF4B-00C04F79EFBC}") = "NEF.Plugins.NotificationPlugIn", "Plugins\NEF.Plugins.NotificationPlugIn\NEF.Plugins.NotificationPlugIn.csproj", "{8A4752B1-F253-4971-BC74-7B81CE7CC3BC}"
EndProject
Project("{FAE04EC0-301F-11D3-BF4B-00C04F79EFBC}") = "NEF.WebService.TestService", "WebServices\NEF.WebService.TestService\NEF.WebService.TestService.csproj", "{0652883C-E0A7-4B93-92F1-D825AD33725E}"
EndProject
Project("{FAE04EC0-301F-11D3-BF4B-00C04F79EFBC}") = "NEF.Plugins.InterestedProductPlugIn", "Plugins\NEF.Plugins.InterestedProductPlugIn\NEF.Plugins.InterestedProductPlugIn.csproj", "{77FF447D-C2D8-4EF9-B288-37418B28D7D2}"
EndProject
Project("{FAE04EC0-301F-11D3-BF4B-00C04F79EFBC}") = "NEF.Plugins.QuoteDetailPlugIn", "Plugins\NEF.Plugins.QuoteDetailPlugIn\NEF.Plugins.QuoteDetailPlugIn.csproj", "{4C02BE41-7FF6-4B90-8EAD-506E732D63C7}"
EndProject
Project("{FAE04EC0-301F-11D3-BF4B-00C04F79EFBC}") = "NEF.ConsoleApp.YesterdaySalesMail", "ConsoleApp\NEF.ConsoleApp.YesterdaySalesMail\NEF.ConsoleApp.YesterdaySalesMail.csproj", "{CAA6B343-02E0-4F7D-AA42-D9F40217193E}"
EndProject
Project("{FAE04EC0-301F-11D3-BF4B-00C04F79EFBC}") = "NEF.ConsoleApp.MoreThanThreeDaysSalesMail", "ConsoleApp\NEF.ConsoleApp.MoreThanThreeDaysSalesMail\NEF.ConsoleApp.MoreThanThreeDaysSalesMail.csproj", "{8E1DD02E-0805-4959-8D2B-BD9FBB467BE9}"
EndProject
Project("{FAE04EC0-301F-11D3-BF4B-00C04F79EFBC}") = "NEF.ConsoleApp.ExchangeRateMail", "ConsoleApp\NEF.ConsoleApp.ExchangeRateMail\NEF.ConsoleApp.ExchangeRateMail.csproj", "{FB4B9468-D6A8-49D7-8E9B-BFAF1CD24C12}"
EndProject
Project("{FAE04EC0-301F-11D3-BF4B-00C04F79EFBC}") = "NEF.Plugins.InterestedProjectPlugIn", "Plugins\NEF.Plugins.InterestedProjectPlugIn\NEF.Plugins.InterestedProjectPlugIn.csproj", "{0D9BDF65-16D8-40AD-9EBE-1B7306241E49}"
EndProject
Project("{FAE04EC0-301F-11D3-BF4B-00C04F79EFBC}") = "NEF.Plugins.BuildingsManagementPlugIn", "Plugins\NEF.Plugins.BuildingsManagementPlugIn\NEF.Plugins.BuildingsManagementPlugIn.csproj", "{012B8F2C-2AFD-4A65-A0A5-FF1F8DC529F4}"
EndProject
Project("{FAE04EC0-301F-11D3-BF4B-00C04F79EFBC}") = "NEF.ConsoleApp.SetNumberContact", "ConsoleApp\NEF.ConsoleApp.SetNumberContact\NEF.ConsoleApp.SetNumberContact.csproj", "{F982E170-C8AC-47D8-8575-DB61B445BCD2}"
EndProject
Project("{FAE04EC0-301F-11D3-BF4B-00C04F79EFBC}") = "NEF.ConsoleApp.PaymentMail", "ConsoleApp\NEF.ConsoleApp.PaymentMail\NEF.ConsoleApp.PaymentMail.csproj", "{71C9E76B-50BF-4730-9DE1-702A53BB44EA}"
EndProject
Project("{FAE04EC0-301F-11D3-BF4B-00C04F79EFBC}") = "NEF.Plugins.OpportunityPlugIn", "Plugins\NEF.Plugins.OpportunityPlugIn\NEF.Plugins.OpportunityPlugIn.csproj", "{96BE13C4-46ED-49CD-9767-CE5F9D969707}"
EndProject
Project("{FAE04EC0-301F-11D3-BF4B-00C04F79EFBC}") = "NEF.Plugins.SalesControlRulePlugIn", "Plugins\NEF.Plugins.SalesControlRulePlugIn\NEF.Plugins.SalesControlRulePlugIn.csproj", "{753BD2F0-7F4F-4C7E-8335-38C0F1EA5130}"
EndProject
Project("{FAE04EC0-301F-11D3-BF4B-00C04F79EFBC}") = "NEF.ConsoleApp.PaymentMailWeekly", "ConsoleApp\NEF.ConsoleApp.PaymentMailWeekly\NEF.ConsoleApp.PaymentMailWeekly.csproj", "{352ADD91-BECF-4B4B-AB48-7B1E5B8FDEE5}"
EndProject
Project("{FAE04EC0-301F-11D3-BF4B-00C04F79EFBC}") = "NEF.ConsoleApp.LogoToCrmIntegration", "ConsoleApp\NEF.ConsoleApp.LogoToCrmIntegration\NEF.ConsoleApp.LogoToCrmIntegration.csproj", "{BA4E3AC2-1489-423E-8A34-3D0B4B9B086A}"
EndProject
Project("{FAE04EC0-301F-11D3-BF4B-00C04F79EFBC}") = "NEF.Web.LogoTransfer", "Web\NEF.Web.LogoTransfer\NEF.Web.LogoTransfer.csproj", "{D44935E6-865C-470E-ACF7-53173432D50F}"
EndProject
Project("{FAE04EC0-301F-11D3-BF4B-00C04F79EFBC}") = "NEF.ConsoleApp.ISGYOUploadCrmDataToFtp", "ConsoleApp\NEF.ConsoleApp.ISGYOUploadCrmDataToFtp\NEF.ConsoleApp.ISGYOUploadCrmDataToFtp.csproj", "{AD93086B-E031-4005-A034-1CF6D247B958}"
EndProject
Project("{FAE04EC0-301F-11D3-BF4B-00C04F79EFBC}") = "Nef.ConsoleApp.TopkapiYesterdaySales", "ConsoleApp\Nef.ConsoleApp.TopkapiYesterdaySales\Nef.ConsoleApp.TopkapiYesterdaySales.csproj", "{8237410C-3E4A-4EE7-A458-BF2BE22FF1BE}"
EndProject
Project("{FAE04EC0-301F-11D3-BF4B-00C04F79EFBC}") = "NEF.ConsoleApp.ProcessYellowExcel", "ConsoleApp\NEF.ConsoleApp.ProcessYellowExcel\NEF.ConsoleApp.ProcessYellowExcel.csproj", "{6DC50E0D-9B08-47E9-97D6-D0F245E8C723}"
EndProject
Project("{FAE04EC0-301F-11D3-BF4B-00C04F79EFBC}") = "NEF.ConsoleApp.TopkapiTodaySales", "ConsoleApp\NEF.ConsoleApp.TopkapiTodaySales\NEF.ConsoleApp.TopkapiTodaySales.csproj", "{6C3BB340-5B15-40D6-8D44-B2C47444FB23}"
EndProject
Project("{FAE04EC0-301F-11D3-BF4B-00C04F79EFBC}") = "NEF.ConsoleApp.DiscountProtocol", "ConsoleApp\NEF.ConsoleApp.DiscountProtocol\NEF.ConsoleApp.DiscountProtocol.csproj", "{C8573F22-1CC2-49E2-B731-2ABF31FB55A6}"
EndProject
Project("{FAE04EC0-301F-11D3-BF4B-00C04F79EFBC}") = "NEF.ConsoleApp.LogoToCrmWithTextFile", "ConsoleApp\NEF.ConsoleApp.LogoToCrmWithTextFile\NEF.ConsoleApp.LogoToCrmWithTextFile.csproj", "{87A5982B-7EC1-44D8-B042-0007900D0031}"
EndProject
Project("{FAE04EC0-301F-11D3-BF4B-00C04F79EFBC}") = "NEF.ConsoleApp.SyncRequest", "ConsoleApp\NEF.ConsoleApp.SyncRequest\NEF.ConsoleApp.SyncRequest.csproj", "{C8FF83F4-C860-4F50-885D-BFF6B50BF65C}"
EndProject
Project("{2150E333-8FDC-42A3-9474-1A3956D46DE8}") = "WindowsForm", "WindowsForm", "{50AD1483-DE45-4C7A-BEDB-D98F056BC3B0}"
EndProject
Project("{FAE04EC0-301F-11D3-BF4B-00C04F79EFBC}") = "NEF.WindowsForm.CreateSalesQRCode", "WindowsForm\NEF.WindowsForm.CreateSalesQRCode\NEF.WindowsForm.CreateSalesQRCode.csproj", "{B01F9417-06E4-4AAD-A1AF-580E4CF53A75}"
EndProject
Project("{FAE04EC0-301F-11D3-BF4B-00C04F79EFBC}") = "NEF.ConsoleApp.SendCampaignActivityEmail", "ConsoleApp\NEF.ConsoleApp.SendCampaignActivityEmail\NEF.ConsoleApp.SendCampaignActivityEmail.csproj", "{81BA54CA-092B-4CD5-A51F-F9362AF0CD98}"
EndProject
Project("{FAE04EC0-301F-11D3-BF4B-00C04F79EFBC}") = "NEF.ConsoleApp.SendCampaignActivitySms", "ConsoleApp\NEF.ConsoleApp.SendCampaignActivitySms\NEF.ConsoleApp.SendCampaignActivitySms.csproj", "{589C1BFF-21A8-4D69-BB4A-9B2488298DD7}"
EndProject
Project("{FAE04EC0-301F-11D3-BF4B-00C04F79EFBC}") = "NEF.ConsoleApp.CreateCampaignActivityAndList", "ConsoleApp\NEF.ConsoleApp.CreateCampaignActivityAndList\NEF.ConsoleApp.CreateCampaignActivityAndList.csproj", "{11C63F25-9E4C-4D29-A3B9-C98202D29707}"
EndProject
Project("{FAE04EC0-301F-11D3-BF4B-00C04F79EFBC}") = "NEF.ConsoleApp.SendMarketingList", "ConsoleApp\NEF.ConsoleApp.SendMarketingList\NEF.ConsoleApp.SendMarketingList.csproj", "{1A3D60CE-747F-406F-A6C9-55545683B340}"
EndProject
Project("{FAE04EC0-301F-11D3-BF4B-00C04F79EFBC}") = "NEF.ConsoleApp.SendMarketingListEmail", "ConsoleApp\NEF.ConsoleApp.SendMarketingListEmail\NEF.ConsoleApp.SendMarketingListEmail.csproj", "{EB752EB1-9CB6-4E6B-B7EB-193A83EFDC3F}"
EndProject
Project("{FAE04EC0-301F-11D3-BF4B-00C04F79EFBC}") = "NEF.Plugins.CampaignActivityPlugin", "Plugins\NEF.Plugins.CampaignActivityPlugin\NEF.Plugins.CampaignActivityPlugin.csproj", "{3988900C-5D06-466F-B9BC-4E5C7C4FE05E}"
EndProject
Project("{FAE04EC0-301F-11D3-BF4B-00C04F79EFBC}") = "NEF.WebService.MobilApp", "WebServices\NEF.WebService.MobilApp\NEF.WebService.MobilApp.csproj", "{6C129EAA-5C80-4B2D-B2C2-FAE9519742C1}"
EndProject
Project("{FAE04EC0-301F-11D3-BF4B-00C04F79EFBC}") = "NEF.ConsoleApp.MobilWebServisTest", "ConsoleApp\NEF.ConsoleApp.MobilWebServisTest\NEF.ConsoleApp.MobilWebServisTest.csproj", "{F12FF11B-C27F-48D5-B7E2-8F5645FAEC88}"
EndProject
Project("{FAE04EC0-301F-11D3-BF4B-00C04F79EFBC}") = "NEF.Web.SecondHandSalesPortal", "Web\NEF.Web.SecondHandSalesPortal\NEF.Web.SecondHandSalesPortal.csproj", "{70138FC1-4A46-4DFA-9E9C-F0454C554F0B}"
EndProject
Project("{FAE04EC0-301F-11D3-BF4B-00C04F79EFBC}") = "NEF.Plugins.RentalPlugIn", "Plugins\NEF.Plugins.RentalPlugIn\NEF.Plugins.RentalPlugIn.csproj", "{88F40A9D-8AB6-4C44-BD1A-02E85D27177F}"
EndProject
Project("{FAE04EC0-301F-11D3-BF4B-00C04F79EFBC}") = "NEF.Plugins.SecondHandPlugIn", "Plugins\NEF.Plugins.SecondHandPlugIn\NEF.Plugins.SecondHandPlugIn.csproj", "{D5552BD7-7FDB-4F01-9D94-058225A0E6EF}"
EndProject
Project("{FAE04EC0-301F-11D3-BF4B-00C04F79EFBC}") = "NEF.WebService.CompanyInternalService", "WebServices\NEF.WebService.CompanyInternalService\NEF.WebService.CompanyInternalService.csproj", "{D742531E-FB96-4BF6-A0D3-5051765FFC6F}"
EndProject
Global
	GlobalSection(TeamFoundationVersionControl) = preSolution
		SccNumberOfProjects = 65
		SccEnterpriseProvider = {4CA58AB2-18FA-4F8D-95D4-32DDF27D184C}
		SccTeamFoundationServer = https://innthebox.visualstudio.com/defaultcollection
		SccLocalPath0 = .
		SccProjectUniqueName1 = ConsoleApp\\NEF.ConsoleApp.DataMigration\\NEF.ConsoleApp.DataMigration.csproj
		SccProjectTopLevelParentUniqueName1 = NEF_MSCRM.sln
		SccProjectName1 = ConsoleApp/NEF.ConsoleApp.DataMigration
		SccLocalPath1 = ConsoleApp\\NEF.ConsoleApp.DataMigration
		SccProjectUniqueName2 = ConsoleApp\\NEF.ConsoleApp.DiscountProtocol\\NEF.ConsoleApp.DiscountProtocol.csproj
		SccProjectTopLevelParentUniqueName2 = NEF_MSCRM.sln
		SccProjectName2 = ConsoleApp/NEF.ConsoleApp.DiscountProtocol
		SccLocalPath2 = ConsoleApp\\NEF.ConsoleApp.DiscountProtocol
		SccProjectUniqueName3 = ConsoleApp\\NEF.ConsoleApp.ExchangeRate\\NEF.ConsoleApp.ExchangeRateProcess.csproj
		SccProjectTopLevelParentUniqueName3 = NEF_MSCRM.sln
		SccProjectName3 = ConsoleApp/NEF.ConsoleApp.ExchangeRate
		SccLocalPath3 = ConsoleApp\\NEF.ConsoleApp.ExchangeRate
		SccProjectUniqueName4 = ConsoleApp\\NEF.ConsoleApp.ExchangeRateMail\\NEF.ConsoleApp.ExchangeRateMail.csproj
		SccProjectTopLevelParentUniqueName4 = NEF_MSCRM.sln
		SccProjectName4 = ConsoleApp/NEF.ConsoleApp.ExchangeRateMail
		SccLocalPath4 = ConsoleApp\\NEF.ConsoleApp.ExchangeRateMail
		SccProjectUniqueName5 = ConsoleApp\\NEF.ConsoleApp.HouseImportProcess\\NEF.ConsoleApp.HouseImportProcess.csproj
		SccProjectTopLevelParentUniqueName5 = NEF_MSCRM.sln
		SccProjectName5 = ConsoleApp/NEF.ConsoleApp.HouseImportProcess
		SccLocalPath5 = ConsoleApp\\NEF.ConsoleApp.HouseImportProcess
		SccProjectUniqueName6 = ConsoleApp\\NEF.ConsoleApp.ISGYOUploadCrmDataToFtp\\NEF.ConsoleApp.ISGYOUploadCrmDataToFtp.csproj
		SccProjectTopLevelParentUniqueName6 = NEF_MSCRM.sln
		SccProjectName6 = ConsoleApp/NEF.ConsoleApp.ISGYOUploadCrmDataToFtp
		SccLocalPath6 = ConsoleApp\\NEF.ConsoleApp.ISGYOUploadCrmDataToFtp
		SccProjectUniqueName7 = ConsoleApp\\NEF.ConsoleApp.LogoIntegration\\NEF.ConsoleApp.LogoIntegration.csproj
		SccProjectTopLevelParentUniqueName7 = NEF_MSCRM.sln
		SccProjectName7 = ConsoleApp/NEF.ConsoleApp.LogoIntegration
		SccLocalPath7 = ConsoleApp\\NEF.ConsoleApp.LogoIntegration
		SccProjectUniqueName8 = ConsoleApp\\NEF.ConsoleApp.LogoToCrmIntegration\\NEF.ConsoleApp.LogoToCrmIntegration.csproj
		SccProjectTopLevelParentUniqueName8 = NEF_MSCRM.sln
		SccProjectName8 = ConsoleApp/NEF.ConsoleApp.LogoToCrmIntegration
		SccLocalPath8 = ConsoleApp\\NEF.ConsoleApp.LogoToCrmIntegration
		SccProjectUniqueName9 = ConsoleApp\\NEF.ConsoleApp.LogoToCrmWithTextFile\\NEF.ConsoleApp.LogoToCrmWithTextFile.csproj
		SccProjectTopLevelParentUniqueName9 = NEF_MSCRM.sln
		SccProjectName9 = ConsoleApp/NEF.ConsoleApp.LogoToCrmWithTextFile
		SccLocalPath9 = ConsoleApp\\NEF.ConsoleApp.LogoToCrmWithTextFile
		SccProjectUniqueName10 = ConsoleApp\\NEF.ConsoleApp.MoreThanThreeDaysSalesMail\\NEF.ConsoleApp.MoreThanThreeDaysSalesMail.csproj
		SccProjectTopLevelParentUniqueName10 = NEF_MSCRM.sln
		SccProjectName10 = ConsoleApp/NEF.ConsoleApp.MoreThanThreeDaysSalesMail
		SccLocalPath10 = ConsoleApp\\NEF.ConsoleApp.MoreThanThreeDaysSalesMail
		SccProjectUniqueName11 = ConsoleApp\\NEF.ConsoleApp.PaymentMail\\NEF.ConsoleApp.PaymentMail.csproj
		SccProjectTopLevelParentUniqueName11 = NEF_MSCRM.sln
		SccProjectName11 = ConsoleApp/NEF.ConsoleApp.PaymentMail
		SccLocalPath11 = ConsoleApp\\NEF.ConsoleApp.PaymentMail
		SccProjectUniqueName12 = ConsoleApp\\NEF.ConsoleApp.PaymentMailWeekly\\NEF.ConsoleApp.PaymentMailWeekly.csproj
		SccProjectTopLevelParentUniqueName12 = NEF_MSCRM.sln
		SccProjectName12 = ConsoleApp/NEF.ConsoleApp.PaymentMailWeekly
		SccLocalPath12 = ConsoleApp\\NEF.ConsoleApp.PaymentMailWeekly
		SccProjectUniqueName13 = ConsoleApp\\NEF.ConsoleApp.ProcessYellowExcel\\NEF.ConsoleApp.ProcessYellowExcel.csproj
		SccProjectTopLevelParentUniqueName13 = NEF_MSCRM.sln
		SccProjectName13 = ConsoleApp/NEF.ConsoleApp.ProcessYellowExcel
		SccLocalPath13 = ConsoleApp\\NEF.ConsoleApp.ProcessYellowExcel
		SccProjectUniqueName14 = ConsoleApp\\NEF.ConsoleApp.SetNumberContact\\NEF.ConsoleApp.SetNumberContact.csproj
		SccProjectTopLevelParentUniqueName14 = NEF_MSCRM.sln
		SccProjectName14 = ConsoleApp/NEF.ConsoleApp.SetNumberContact
		SccLocalPath14 = ConsoleApp\\NEF.ConsoleApp.SetNumberContact
		SccProjectUniqueName15 = ConsoleApp\\NEF.ConsoleApp.SyncRequest\\NEF.ConsoleApp.SyncRequest.csproj
		SccProjectTopLevelParentUniqueName15 = NEF_MSCRM.sln
		SccProjectName15 = ConsoleApp/NEF.ConsoleApp.SyncRequest
		SccLocalPath15 = ConsoleApp\\NEF.ConsoleApp.SyncRequest
		SccProjectUniqueName16 = ConsoleApp\\NEF.ConsoleApp.TopkapiTodaySales\\NEF.ConsoleApp.TopkapiTodaySales.csproj
		SccProjectTopLevelParentUniqueName16 = NEF_MSCRM.sln
		SccProjectName16 = ConsoleApp/NEF.ConsoleApp.TopkapiTodaySales
		SccLocalPath16 = ConsoleApp\\NEF.ConsoleApp.TopkapiTodaySales
		SccProjectUniqueName17 = ConsoleApp\\Nef.ConsoleApp.TopkapiYesterdaySales\\Nef.ConsoleApp.TopkapiYesterdaySales.csproj
		SccProjectTopLevelParentUniqueName17 = NEF_MSCRM.sln
		SccProjectName17 = ConsoleApp/Nef.ConsoleApp.TopkapiYesterdaySales
		SccLocalPath17 = ConsoleApp\\Nef.ConsoleApp.TopkapiYesterdaySales
		SccProjectUniqueName18 = ConsoleApp\\NEF.ConsoleApp.UpdateChannelOfAwareness\\NEF.ConsoleApp.UpdateChannelOfAwareness.csproj
		SccProjectTopLevelParentUniqueName18 = NEF_MSCRM.sln
		SccProjectName18 = ConsoleApp/NEF.ConsoleApp.UpdateChannelOfAwareness
		SccLocalPath18 = ConsoleApp\\NEF.ConsoleApp.UpdateChannelOfAwareness
		SccProjectUniqueName19 = ConsoleApp\\NEF.ConsoleApp.UpdateProductStatus\\NEF.ConsoleApp.UpdateProductStatus.csproj
		SccProjectTopLevelParentUniqueName19 = NEF_MSCRM.sln
		SccProjectName19 = ConsoleApp/NEF.ConsoleApp.UpdateProductStatus
		SccLocalPath19 = ConsoleApp\\NEF.ConsoleApp.UpdateProductStatus
		SccProjectUniqueName20 = ConsoleApp\\NEF.ConsoleApp.YesterdaySalesMail\\NEF.ConsoleApp.YesterdaySalesMail.csproj
		SccProjectTopLevelParentUniqueName20 = NEF_MSCRM.sln
		SccProjectName20 = ConsoleApp/NEF.ConsoleApp.YesterdaySalesMail
		SccLocalPath20 = ConsoleApp\\NEF.ConsoleApp.YesterdaySalesMail
		SccProjectUniqueName21 = Library\\NEF.Library.Business\\NEF.Library.Business.csproj
		SccProjectTopLevelParentUniqueName21 = NEF_MSCRM.sln
		SccProjectName21 = Library/NEF.Library.Business
		SccLocalPath21 = Library\\NEF.Library.Business
		SccProjectUniqueName22 = Library\\NEF.Library.Utility\\NEF.Library.Utility.csproj
		SccProjectTopLevelParentUniqueName22 = NEF_MSCRM.sln
		SccProjectName22 = Library/NEF.Library.Utility
		SccLocalPath22 = Library\\NEF.Library.Utility
		SccProjectUniqueName23 = Plugins\\NEF.Plugins.AccountPlugIn\\NEF.Plugins.AccountPlugIn.csproj
		SccProjectTopLevelParentUniqueName23 = NEF_MSCRM.sln
		SccProjectName23 = Plugins/NEF.Plugins.AccountPlugIn
		SccLocalPath23 = Plugins\\NEF.Plugins.AccountPlugIn
		SccProjectUniqueName24 = Plugins\\NEF.Plugins.AppointmentPlugIn\\NEF.Plugins.AppointmentPlugIn.csproj
		SccProjectTopLevelParentUniqueName24 = NEF_MSCRM.sln
		SccProjectName24 = Plugins/NEF.Plugins.AppointmentPlugIn
		SccLocalPath24 = Plugins\\NEF.Plugins.AppointmentPlugIn
		SccProjectUniqueName25 = Plugins\\NEF.Plugins.BuildingsManagementPlugIn\\NEF.Plugins.BuildingsManagementPlugIn.csproj
		SccProjectTopLevelParentUniqueName25 = NEF_MSCRM.sln
		SccProjectName25 = Plugins/NEF.Plugins.BuildingsManagementPlugIn
		SccLocalPath25 = Plugins\\NEF.Plugins.BuildingsManagementPlugIn
		SccProjectUniqueName26 = Plugins\\NEF.Plugins.ChannelOfAwarenessPlugIn\\NEF.Plugins.ChannelOfAwarenessPlugIn.csproj
		SccProjectTopLevelParentUniqueName26 = NEF_MSCRM.sln
		SccProjectName26 = Plugins/NEF.Plugins.ChannelOfAwarenessPlugIn
		SccLocalPath26 = Plugins\\NEF.Plugins.ChannelOfAwarenessPlugIn
		SccProjectUniqueName27 = Plugins\\NEF.Plugins.ContactPlugIn\\NEF.Plugins.ContactPlugIn.csproj
		SccProjectTopLevelParentUniqueName27 = NEF_MSCRM.sln
		SccProjectName27 = Plugins/NEF.Plugins.ContactPlugIn
		SccLocalPath27 = Plugins\\NEF.Plugins.ContactPlugIn
		SccProjectUniqueName28 = Plugins\\NEF.Plugins.ExchangeRatePlugIn\\NEF.Plugins.ExchangeRatePlugIn.csproj
		SccProjectTopLevelParentUniqueName28 = NEF_MSCRM.sln
		SccProjectName28 = Plugins/NEF.Plugins.ExchangeRatePlugIn
		SccLocalPath28 = Plugins\\NEF.Plugins.ExchangeRatePlugIn
		SccProjectUniqueName29 = Plugins\\NEF.Plugins.HomeOption\\NEF.Plugins.HomeOption.csproj
		SccProjectTopLevelParentUniqueName29 = NEF_MSCRM.sln
		SccProjectName29 = Plugins/NEF.Plugins.HomeOption
		SccLocalPath29 = Plugins\\NEF.Plugins.HomeOption
		SccProjectUniqueName30 = Plugins\\NEF.Plugins.InterestedProductPlugIn\\NEF.Plugins.InterestedProductPlugIn.csproj
		SccProjectTopLevelParentUniqueName30 = NEF_MSCRM.sln
		SccProjectName30 = Plugins/NEF.Plugins.InterestedProductPlugIn
		SccLocalPath30 = Plugins\\NEF.Plugins.InterestedProductPlugIn
		SccProjectUniqueName31 = Plugins\\NEF.Plugins.InterestedProjectPlugIn\\NEF.Plugins.InterestedProjectPlugIn.csproj
		SccProjectTopLevelParentUniqueName31 = NEF_MSCRM.sln
		SccProjectName31 = Plugins/NEF.Plugins.InterestedProjectPlugIn
		SccLocalPath31 = Plugins\\NEF.Plugins.InterestedProjectPlugIn
		SccProjectUniqueName32 = Plugins\\NEF.Plugins.NotificationPlugIn\\NEF.Plugins.NotificationPlugIn.csproj
		SccProjectTopLevelParentUniqueName32 = NEF_MSCRM.sln
		SccProjectName32 = Plugins/NEF.Plugins.NotificationPlugIn
		SccLocalPath32 = Plugins\\NEF.Plugins.NotificationPlugIn
		SccProjectUniqueName33 = Plugins\\NEF.Plugins.OpportunityPlugIn\\NEF.Plugins.OpportunityPlugIn.csproj
		SccProjectTopLevelParentUniqueName33 = NEF_MSCRM.sln
		SccProjectName33 = Plugins/NEF.Plugins.OpportunityPlugIn
		SccLocalPath33 = Plugins\\NEF.Plugins.OpportunityPlugIn
		SccProjectUniqueName34 = Plugins\\NEF.Plugins.PaymentPlugIn\\NEF.Plugins.PaymentPlugIn.csproj
		SccProjectTopLevelParentUniqueName34 = NEF_MSCRM.sln
		SccProjectName34 = Plugins/NEF.Plugins.PaymentPlugIn
		SccLocalPath34 = Plugins\\NEF.Plugins.PaymentPlugIn
		SccProjectUniqueName35 = Plugins\\NEF.Plugins.PhoneCallPlugIn\\NEF.Plugins.PhoneCallPlugIn.csproj
		SccProjectTopLevelParentUniqueName35 = NEF_MSCRM.sln
		SccProjectName35 = Plugins/NEF.Plugins.PhoneCallPlugIn
		SccLocalPath35 = Plugins\\NEF.Plugins.PhoneCallPlugIn
		SccProjectUniqueName36 = Plugins\\NEF.Plugins.ProductPlugIn\\NEF.Plugins.ProductPlugIn.csproj
		SccProjectTopLevelParentUniqueName36 = NEF_MSCRM.sln
		SccProjectName36 = Plugins/NEF.Plugins.ProductPlugIn
		SccLocalPath36 = Plugins\\NEF.Plugins.ProductPlugIn
		SccProjectUniqueName37 = Plugins\\NEF.Plugins.QuoteDetailPlugIn\\NEF.Plugins.QuoteDetailPlugIn.csproj
		SccProjectTopLevelParentUniqueName37 = NEF_MSCRM.sln
		SccProjectName37 = Plugins/NEF.Plugins.QuoteDetailPlugIn
		SccLocalPath37 = Plugins\\NEF.Plugins.QuoteDetailPlugIn
		SccProjectUniqueName38 = Plugins\\NEF.Plugins.QuotePlugIn\\NEF.Plugins.QuotePlugIn.csproj
		SccProjectTopLevelParentUniqueName38 = NEF_MSCRM.sln
		SccProjectName38 = Plugins/NEF.Plugins.QuotePlugIn
		SccLocalPath38 = Plugins\\NEF.Plugins.QuotePlugIn
		SccProjectUniqueName39 = Plugins\\NEF.Plugins.SalesControlRulePlugIn\\NEF.Plugins.SalesControlRulePlugIn.csproj
		SccProjectTopLevelParentUniqueName39 = NEF_MSCRM.sln
		SccProjectName39 = Plugins/NEF.Plugins.SalesControlRulePlugIn
		SccLocalPath39 = Plugins\\NEF.Plugins.SalesControlRulePlugIn
		SccProjectUniqueName40 = Plugins\\NEF.Plugins.SubParticipationSourcePlugIn\\NEF.Plugins.SubParticipationSourcePlugIn.csproj
		SccProjectTopLevelParentUniqueName40 = NEF_MSCRM.sln
		SccProjectName40 = Plugins/NEF.Plugins.SubParticipationSourcePlugIn
		SccLocalPath40 = Plugins\\NEF.Plugins.SubParticipationSourcePlugIn
		SccProjectUniqueName41 = Web\\NEF.Web.CrmPages\\NEF.Web.CrmPages.csproj
		SccProjectTopLevelParentUniqueName41 = NEF_MSCRM.sln
		SccProjectName41 = Web/NEF.Web.CrmPages
		SccLocalPath41 = Web\\NEF.Web.CrmPages
		SccProjectUniqueName42 = Web\\NEF.Web.Documents\\NEF.Web.Documents.csproj
		SccProjectTopLevelParentUniqueName42 = NEF_MSCRM.sln
		SccProjectName42 = Web/NEF.Web.Documents
		SccLocalPath42 = Web\\NEF.Web.Documents
		SccProjectUniqueName43 = Web\\NEF.Web.LogoTransfer\\NEF.Web.LogoTransfer.csproj
		SccProjectTopLevelParentUniqueName43 = NEF_MSCRM.sln
		SccProjectName43 = Web/NEF.Web.LogoTransfer
		SccLocalPath43 = Web\\NEF.Web.LogoTransfer
		SccProjectUniqueName44 = Web\\NEF.Web.ProductImport\\NEF.Web.ProductImport.csproj
		SccProjectTopLevelParentUniqueName44 = NEF_MSCRM.sln
		SccProjectName44 = Web/NEF.Web.ProductImport
		SccLocalPath44 = Web\\NEF.Web.ProductImport
		SccProjectUniqueName45 = Web\\NEF.Web.SalesPortal\\NEF.Web.SalesPortal.csproj
		SccProjectTopLevelParentUniqueName45 = NEF_MSCRM.sln
		SccProjectName45 = Web/NEF.Web.SalesPortal
		SccLocalPath45 = Web\\NEF.Web.SalesPortal
		SccProjectUniqueName46 = WebServices\\NEF.WebService.TestService\\NEF.WebService.TestService.csproj
		SccProjectTopLevelParentUniqueName46 = NEF_MSCRM.sln
		SccProjectName46 = WebServices/NEF.WebService.TestService
		SccLocalPath46 = WebServices\\NEF.WebService.TestService
		SccProjectUniqueName47 = WebServices\\NEF.WebServices.Common\\NEF.WebServices.Common.csproj
		SccProjectTopLevelParentUniqueName47 = NEF_MSCRM.sln
		SccProjectName47 = WebServices/NEF.WebServices.Common
		SccLocalPath47 = WebServices\\NEF.WebServices.Common
		SccProjectUniqueName48 = WebServices\\NEF.WebServices.Integration\\NEF.WebServices.Integration.csproj
		SccProjectTopLevelParentUniqueName48 = NEF_MSCRM.sln
		SccProjectName48 = WebServices/NEF.WebServices.Integration
		SccLocalPath48 = WebServices\\NEF.WebServices.Integration
		SccProjectUniqueName49 = WebServices\\NEF.WebServices.SalesPortal\\NEF.WebServices.SalesPortal.csproj
		SccProjectTopLevelParentUniqueName49 = NEF_MSCRM.sln
		SccProjectName49 = WebServices/NEF.WebServices.SalesPortal
		SccLocalPath49 = WebServices\\NEF.WebServices.SalesPortal
		SccProjectUniqueName50 = WebServices\\NEF.WebServices.WebForm\\NEF.WebServices.WebForm.csproj
		SccProjectTopLevelParentUniqueName50 = NEF_MSCRM.sln
		SccProjectName50 = WebServices/NEF.WebServices.WebForm
		SccLocalPath50 = WebServices\\NEF.WebServices.WebForm
		SccProjectUniqueName51 = WindowsForm\\NEF.WindowsForm.CreateSalesQRCode\\NEF.WindowsForm.CreateSalesQRCode.csproj
		SccProjectTopLevelParentUniqueName51 = NEF_MSCRM.sln
		SccProjectName51 = WindowsForm/NEF.WindowsForm.CreateSalesQRCode
		SccLocalPath51 = WindowsForm\\NEF.WindowsForm.CreateSalesQRCode
		SccProjectUniqueName52 = ConsoleApp\\NEF.ConsoleApp.SendCampaignActivityEmail\\NEF.ConsoleApp.SendCampaignActivityEmail.csproj
		SccProjectTopLevelParentUniqueName52 = NEF_MSCRM.sln
		SccProjectName52 = ConsoleApp/NEF.ConsoleApp.SendCampaignActivityEmail
		SccLocalPath52 = ConsoleApp\\NEF.ConsoleApp.SendCampaignActivityEmail
		SccProjectUniqueName53 = ConsoleApp\\NEF.ConsoleApp.SendCampaignActivitySms\\NEF.ConsoleApp.SendCampaignActivitySms.csproj
		SccProjectTopLevelParentUniqueName53 = NEF_MSCRM.sln
		SccProjectName53 = ConsoleApp/NEF.ConsoleApp.SendCampaignActivitySms
		SccLocalPath53 = ConsoleApp\\NEF.ConsoleApp.SendCampaignActivitySms
		SccProjectUniqueName54 = ConsoleApp\\NEF.ConsoleApp.CreateCampaignActivityAndList\\NEF.ConsoleApp.CreateCampaignActivityAndList.csproj
		SccProjectTopLevelParentUniqueName54 = NEF_MSCRM.sln
		SccProjectName54 = ConsoleApp/NEF.ConsoleApp.CreateCampaignActivityAndList
		SccLocalPath54 = ConsoleApp\\NEF.ConsoleApp.CreateCampaignActivityAndList
		SccProjectUniqueName55 = ConsoleApp\\NEF.ConsoleApp.SendMarketingList\\NEF.ConsoleApp.SendMarketingList.csproj
		SccProjectTopLevelParentUniqueName55 = NEF_MSCRM.sln
		SccProjectName55 = ConsoleApp/NEF.ConsoleApp.SendMarketingList
		SccLocalPath55 = ConsoleApp\\NEF.ConsoleApp.SendMarketingList
		SccProjectUniqueName56 = ConsoleApp\\NEF.ConsoleApp.SendMarketingListEmail\\NEF.ConsoleApp.SendMarketingListEmail.csproj
		SccProjectTopLevelParentUniqueName56 = NEF_MSCRM.sln
		SccProjectName56 = ConsoleApp/NEF.ConsoleApp.SendMarketingListEmail
		SccLocalPath56 = ConsoleApp\\NEF.ConsoleApp.SendMarketingListEmail
		SccProjectUniqueName57 = Plugins\\NEF.Plugins.CampaignActivityPlugin\\NEF.Plugins.CampaignActivityPlugin.csproj
		SccProjectTopLevelParentUniqueName57 = NEF_MSCRM.sln
		SccProjectName57 = Plugins/NEF.Plugins.CampaignActivityPlugin
		SccLocalPath57 = Plugins\\NEF.Plugins.CampaignActivityPlugin
		SccProjectUniqueName58 = SqlAndScripts\\NEFSSIS2\\NEFSSIS2.dtproj
		SccProjectTopLevelParentUniqueName58 = NEF_MSCRM.sln
		SccProjectName58 = SqlAndScripts/NEFSSIS2
		SccLocalPath58 = SqlAndScripts\\NEFSSIS2
		SccProjectUniqueName59 = WebServices\\NEF.WebService.MobilApp\\NEF.WebService.MobilApp.csproj
		SccProjectTopLevelParentUniqueName59 = NEF_MSCRM.sln
		SccProjectName59 = WebServices/NEF.WebService.MobilApp
		SccLocalPath59 = WebServices\\NEF.WebService.MobilApp
		SccProjectUniqueName60 = ConsoleApp\\NEF.ConsoleApp.MobilWebServisTest\\NEF.ConsoleApp.MobilWebServisTest.csproj
		SccProjectTopLevelParentUniqueName60 = NEF_MSCRM.sln
		SccProjectName60 = ConsoleApp/NEF.ConsoleApp.MobilWebServisTest
		SccLocalPath60 = ConsoleApp\\NEF.ConsoleApp.MobilWebServisTest
		SccProjectUniqueName61 = Web\\NEF.Web.SecondHandSalesPortal\\NEF.Web.SecondHandSalesPortal.csproj
		SccProjectTopLevelParentUniqueName61 = NEF_MSCRM.sln
		SccProjectName61 = Web/NEF.Web.SecondHandSalesPortal
		SccLocalPath61 = Web\\NEF.Web.SecondHandSalesPortal
		SccProjectUniqueName62 = Plugins\\NEF.Plugins.RentalPlugIn\\NEF.Plugins.RentalPlugIn.csproj
		SccProjectTopLevelParentUniqueName62 = NEF_MSCRM.sln
		SccProjectName62 = Plugins/NEF.Plugins.RentalPlugIn
		SccLocalPath62 = Plugins\\NEF.Plugins.RentalPlugIn
		SccProjectUniqueName63 = Plugins\\NEF.Plugins.SecondHandPlugIn\\NEF.Plugins.SecondHandPlugIn.csproj
		SccProjectTopLevelParentUniqueName63 = NEF_MSCRM.sln
		SccProjectName63 = Plugins/NEF.Plugins.SecondHandPlugIn
		SccLocalPath63 = Plugins\\NEF.Plugins.SecondHandPlugIn
		SccProjectUniqueName64 = WebServices\\NEF.WebService.CompanyInternalService\\NEF.WebService.CompanyInternalService.csproj
		SccProjectTopLevelParentUniqueName64 = NEF_MSCRM.sln
		SccProjectName64 = WebServices/NEF.WebService.CompanyInternalService
		SccLocalPath64 = WebServices\\NEF.WebService.CompanyInternalService
	EndGlobalSection
	GlobalSection(SolutionConfigurationPlatforms) = preSolution
		Debug|Any CPU = Debug|Any CPU
		Development|Any CPU = Development|Any CPU
		Release|Any CPU = Release|Any CPU
	EndGlobalSection
	GlobalSection(ProjectConfigurationPlatforms) = postSolution
		{CF0B7591-610A-45C5-A160-9F1F1FD01804}.Debug|Any CPU.ActiveCfg = Debug|Any CPU
		{CF0B7591-610A-45C5-A160-9F1F1FD01804}.Debug|Any CPU.Build.0 = Debug|Any CPU
		{CF0B7591-610A-45C5-A160-9F1F1FD01804}.Development|Any CPU.ActiveCfg = Debug|Any CPU
		{CF0B7591-610A-45C5-A160-9F1F1FD01804}.Development|Any CPU.Build.0 = Debug|Any CPU
		{CF0B7591-610A-45C5-A160-9F1F1FD01804}.Release|Any CPU.ActiveCfg = Release|Any CPU
		{CF0B7591-610A-45C5-A160-9F1F1FD01804}.Release|Any CPU.Build.0 = Release|Any CPU
		{A038843C-1375-4866-B4C9-5C090D90DCFF}.Debug|Any CPU.ActiveCfg = Debug|Any CPU
		{A038843C-1375-4866-B4C9-5C090D90DCFF}.Debug|Any CPU.Build.0 = Debug|Any CPU
		{A038843C-1375-4866-B4C9-5C090D90DCFF}.Development|Any CPU.ActiveCfg = Debug|Any CPU
		{A038843C-1375-4866-B4C9-5C090D90DCFF}.Development|Any CPU.Build.0 = Debug|Any CPU
		{A038843C-1375-4866-B4C9-5C090D90DCFF}.Release|Any CPU.ActiveCfg = Release|Any CPU
		{A038843C-1375-4866-B4C9-5C090D90DCFF}.Release|Any CPU.Build.0 = Release|Any CPU
		{4F2F71C5-C652-4E35-8DA5-4D1E4A3F78F1}.Debug|Any CPU.ActiveCfg = Debug|Any CPU
		{4F2F71C5-C652-4E35-8DA5-4D1E4A3F78F1}.Debug|Any CPU.Build.0 = Debug|Any CPU
		{4F2F71C5-C652-4E35-8DA5-4D1E4A3F78F1}.Development|Any CPU.ActiveCfg = Debug|Any CPU
		{4F2F71C5-C652-4E35-8DA5-4D1E4A3F78F1}.Development|Any CPU.Build.0 = Debug|Any CPU
		{4F2F71C5-C652-4E35-8DA5-4D1E4A3F78F1}.Release|Any CPU.ActiveCfg = Release|Any CPU
		{4F2F71C5-C652-4E35-8DA5-4D1E4A3F78F1}.Release|Any CPU.Build.0 = Release|Any CPU
		{10F748B6-0166-4A41-9FAC-FFC812568CC4}.Debug|Any CPU.ActiveCfg = Debug|Any CPU
		{10F748B6-0166-4A41-9FAC-FFC812568CC4}.Debug|Any CPU.Build.0 = Debug|Any CPU
		{10F748B6-0166-4A41-9FAC-FFC812568CC4}.Development|Any CPU.ActiveCfg = Debug|Any CPU
		{10F748B6-0166-4A41-9FAC-FFC812568CC4}.Development|Any CPU.Build.0 = Debug|Any CPU
		{10F748B6-0166-4A41-9FAC-FFC812568CC4}.Release|Any CPU.ActiveCfg = Release|Any CPU
		{10F748B6-0166-4A41-9FAC-FFC812568CC4}.Release|Any CPU.Build.0 = Release|Any CPU
		{E7A8CEFD-9D11-424B-BA64-0D9CC4011375}.Debug|Any CPU.ActiveCfg = Debug|Any CPU
		{E7A8CEFD-9D11-424B-BA64-0D9CC4011375}.Debug|Any CPU.Build.0 = Debug|Any CPU
		{E7A8CEFD-9D11-424B-BA64-0D9CC4011375}.Development|Any CPU.ActiveCfg = Debug|Any CPU
		{E7A8CEFD-9D11-424B-BA64-0D9CC4011375}.Development|Any CPU.Build.0 = Debug|Any CPU
		{E7A8CEFD-9D11-424B-BA64-0D9CC4011375}.Release|Any CPU.ActiveCfg = Release|Any CPU
		{E7A8CEFD-9D11-424B-BA64-0D9CC4011375}.Release|Any CPU.Build.0 = Release|Any CPU
		{C4FF1C9A-8B40-458F-A399-B13FD5DDED57}.Debug|Any CPU.ActiveCfg = Debug|Any CPU
		{C4FF1C9A-8B40-458F-A399-B13FD5DDED57}.Debug|Any CPU.Build.0 = Debug|Any CPU
		{C4FF1C9A-8B40-458F-A399-B13FD5DDED57}.Development|Any CPU.ActiveCfg = Debug|Any CPU
		{C4FF1C9A-8B40-458F-A399-B13FD5DDED57}.Development|Any CPU.Build.0 = Debug|Any CPU
		{C4FF1C9A-8B40-458F-A399-B13FD5DDED57}.Release|Any CPU.ActiveCfg = Release|Any CPU
		{C4FF1C9A-8B40-458F-A399-B13FD5DDED57}.Release|Any CPU.Build.0 = Release|Any CPU
		{483E469A-9B92-4B65-9382-0E15C013231F}.Debug|Any CPU.ActiveCfg = Debug|Any CPU
		{483E469A-9B92-4B65-9382-0E15C013231F}.Debug|Any CPU.Build.0 = Debug|Any CPU
		{483E469A-9B92-4B65-9382-0E15C013231F}.Development|Any CPU.ActiveCfg = Debug|Any CPU
		{483E469A-9B92-4B65-9382-0E15C013231F}.Development|Any CPU.Build.0 = Debug|Any CPU
		{483E469A-9B92-4B65-9382-0E15C013231F}.Release|Any CPU.ActiveCfg = Release|Any CPU
		{483E469A-9B92-4B65-9382-0E15C013231F}.Release|Any CPU.Build.0 = Release|Any CPU
		{058A38E5-6B32-46EA-8B2B-1DFE21E759B8}.Debug|Any CPU.ActiveCfg = Debug|Any CPU
		{058A38E5-6B32-46EA-8B2B-1DFE21E759B8}.Debug|Any CPU.Build.0 = Debug|Any CPU
		{058A38E5-6B32-46EA-8B2B-1DFE21E759B8}.Development|Any CPU.ActiveCfg = Debug|Any CPU
		{058A38E5-6B32-46EA-8B2B-1DFE21E759B8}.Development|Any CPU.Build.0 = Debug|Any CPU
		{058A38E5-6B32-46EA-8B2B-1DFE21E759B8}.Release|Any CPU.ActiveCfg = Release|Any CPU
		{058A38E5-6B32-46EA-8B2B-1DFE21E759B8}.Release|Any CPU.Build.0 = Release|Any CPU
		{A0B2EE11-34B5-446F-BF99-D26CDBEE1E03}.Debug|Any CPU.ActiveCfg = Debug|Any CPU
		{A0B2EE11-34B5-446F-BF99-D26CDBEE1E03}.Debug|Any CPU.Build.0 = Debug|Any CPU
		{A0B2EE11-34B5-446F-BF99-D26CDBEE1E03}.Development|Any CPU.ActiveCfg = Debug|Any CPU
		{A0B2EE11-34B5-446F-BF99-D26CDBEE1E03}.Development|Any CPU.Build.0 = Debug|Any CPU
		{A0B2EE11-34B5-446F-BF99-D26CDBEE1E03}.Release|Any CPU.ActiveCfg = Release|Any CPU
		{A0B2EE11-34B5-446F-BF99-D26CDBEE1E03}.Release|Any CPU.Build.0 = Release|Any CPU
		{0BAF59E8-CBA6-408C-8784-630FD822CD9E}.Debug|Any CPU.ActiveCfg = Debug|Any CPU
		{0BAF59E8-CBA6-408C-8784-630FD822CD9E}.Debug|Any CPU.Build.0 = Debug|Any CPU
		{0BAF59E8-CBA6-408C-8784-630FD822CD9E}.Development|Any CPU.ActiveCfg = Debug|Any CPU
		{0BAF59E8-CBA6-408C-8784-630FD822CD9E}.Development|Any CPU.Build.0 = Debug|Any CPU
		{0BAF59E8-CBA6-408C-8784-630FD822CD9E}.Release|Any CPU.ActiveCfg = Release|Any CPU
		{0BAF59E8-CBA6-408C-8784-630FD822CD9E}.Release|Any CPU.Build.0 = Release|Any CPU
		{08679C11-71A2-4E27-8BA2-9E817EADA654}.Debug|Any CPU.ActiveCfg = Debug|Any CPU
		{08679C11-71A2-4E27-8BA2-9E817EADA654}.Debug|Any CPU.Build.0 = Debug|Any CPU
		{08679C11-71A2-4E27-8BA2-9E817EADA654}.Development|Any CPU.ActiveCfg = Debug|Any CPU
		{08679C11-71A2-4E27-8BA2-9E817EADA654}.Development|Any CPU.Build.0 = Debug|Any CPU
		{08679C11-71A2-4E27-8BA2-9E817EADA654}.Release|Any CPU.ActiveCfg = Release|Any CPU
		{08679C11-71A2-4E27-8BA2-9E817EADA654}.Release|Any CPU.Build.0 = Release|Any CPU
		{B16B2D98-1E9A-44F8-85F1-A6DE590F0FAC}.Debug|Any CPU.ActiveCfg = Debug|Any CPU
		{B16B2D98-1E9A-44F8-85F1-A6DE590F0FAC}.Debug|Any CPU.Build.0 = Debug|Any CPU
		{B16B2D98-1E9A-44F8-85F1-A6DE590F0FAC}.Development|Any CPU.ActiveCfg = Debug|Any CPU
		{B16B2D98-1E9A-44F8-85F1-A6DE590F0FAC}.Development|Any CPU.Build.0 = Debug|Any CPU
		{B16B2D98-1E9A-44F8-85F1-A6DE590F0FAC}.Release|Any CPU.ActiveCfg = Release|Any CPU
		{B16B2D98-1E9A-44F8-85F1-A6DE590F0FAC}.Release|Any CPU.Build.0 = Release|Any CPU
		{F904F218-816D-4BF9-90FF-875F9429CE7F}.Debug|Any CPU.ActiveCfg = Debug|Any CPU
		{F904F218-816D-4BF9-90FF-875F9429CE7F}.Debug|Any CPU.Build.0 = Debug|Any CPU
		{F904F218-816D-4BF9-90FF-875F9429CE7F}.Development|Any CPU.ActiveCfg = Debug|Any CPU
		{F904F218-816D-4BF9-90FF-875F9429CE7F}.Development|Any CPU.Build.0 = Debug|Any CPU
		{F904F218-816D-4BF9-90FF-875F9429CE7F}.Release|Any CPU.ActiveCfg = Release|Any CPU
		{F904F218-816D-4BF9-90FF-875F9429CE7F}.Release|Any CPU.Build.0 = Release|Any CPU
		{40183893-36B5-4023-A1D1-AE52943D627D}.Debug|Any CPU.ActiveCfg = Debug|Any CPU
		{40183893-36B5-4023-A1D1-AE52943D627D}.Debug|Any CPU.Build.0 = Debug|Any CPU
		{40183893-36B5-4023-A1D1-AE52943D627D}.Development|Any CPU.ActiveCfg = Debug|Any CPU
		{40183893-36B5-4023-A1D1-AE52943D627D}.Development|Any CPU.Build.0 = Debug|Any CPU
		{40183893-36B5-4023-A1D1-AE52943D627D}.Release|Any CPU.ActiveCfg = Release|Any CPU
		{40183893-36B5-4023-A1D1-AE52943D627D}.Release|Any CPU.Build.0 = Release|Any CPU
		{7BFECF22-C22D-4D50-8AAA-CC15F4D0F73D}.Debug|Any CPU.ActiveCfg = Debug|Any CPU
		{7BFECF22-C22D-4D50-8AAA-CC15F4D0F73D}.Debug|Any CPU.Build.0 = Debug|Any CPU
		{7BFECF22-C22D-4D50-8AAA-CC15F4D0F73D}.Development|Any CPU.ActiveCfg = Debug|Any CPU
		{7BFECF22-C22D-4D50-8AAA-CC15F4D0F73D}.Development|Any CPU.Build.0 = Debug|Any CPU
		{7BFECF22-C22D-4D50-8AAA-CC15F4D0F73D}.Release|Any CPU.ActiveCfg = Release|Any CPU
		{7BFECF22-C22D-4D50-8AAA-CC15F4D0F73D}.Release|Any CPU.Build.0 = Release|Any CPU
		{D505DAF3-307F-4D8E-A9C6-DD1A3D75AAF1}.Debug|Any CPU.ActiveCfg = Debug|Any CPU
		{D505DAF3-307F-4D8E-A9C6-DD1A3D75AAF1}.Debug|Any CPU.Build.0 = Debug|Any CPU
		{D505DAF3-307F-4D8E-A9C6-DD1A3D75AAF1}.Development|Any CPU.ActiveCfg = Debug|Any CPU
		{D505DAF3-307F-4D8E-A9C6-DD1A3D75AAF1}.Development|Any CPU.Build.0 = Debug|Any CPU
		{D505DAF3-307F-4D8E-A9C6-DD1A3D75AAF1}.Release|Any CPU.ActiveCfg = Release|Any CPU
		{D505DAF3-307F-4D8E-A9C6-DD1A3D75AAF1}.Release|Any CPU.Build.0 = Release|Any CPU
		{97062DE2-CCE4-44C3-8A1D-5EB9506D893B}.Debug|Any CPU.ActiveCfg = Debug|Any CPU
		{97062DE2-CCE4-44C3-8A1D-5EB9506D893B}.Debug|Any CPU.Build.0 = Debug|Any CPU
		{97062DE2-CCE4-44C3-8A1D-5EB9506D893B}.Development|Any CPU.ActiveCfg = Debug|Any CPU
		{97062DE2-CCE4-44C3-8A1D-5EB9506D893B}.Development|Any CPU.Build.0 = Debug|Any CPU
		{97062DE2-CCE4-44C3-8A1D-5EB9506D893B}.Release|Any CPU.ActiveCfg = Release|Any CPU
		{97062DE2-CCE4-44C3-8A1D-5EB9506D893B}.Release|Any CPU.Build.0 = Release|Any CPU
		{72703570-7C5D-429E-A968-F33667DBB27C}.Debug|Any CPU.ActiveCfg = Debug|Any CPU
		{72703570-7C5D-429E-A968-F33667DBB27C}.Debug|Any CPU.Build.0 = Debug|Any CPU
		{72703570-7C5D-429E-A968-F33667DBB27C}.Development|Any CPU.ActiveCfg = Debug|Any CPU
		{72703570-7C5D-429E-A968-F33667DBB27C}.Development|Any CPU.Build.0 = Debug|Any CPU
		{72703570-7C5D-429E-A968-F33667DBB27C}.Release|Any CPU.ActiveCfg = Release|Any CPU
		{72703570-7C5D-429E-A968-F33667DBB27C}.Release|Any CPU.Build.0 = Release|Any CPU
		{1328A45C-6408-4F1A-9E56-CB43608B131A}.Debug|Any CPU.ActiveCfg = Debug|Any CPU
		{1328A45C-6408-4F1A-9E56-CB43608B131A}.Debug|Any CPU.Build.0 = Debug|Any CPU
		{1328A45C-6408-4F1A-9E56-CB43608B131A}.Development|Any CPU.ActiveCfg = Debug|Any CPU
		{1328A45C-6408-4F1A-9E56-CB43608B131A}.Development|Any CPU.Build.0 = Debug|Any CPU
		{1328A45C-6408-4F1A-9E56-CB43608B131A}.Release|Any CPU.ActiveCfg = Release|Any CPU
		{1328A45C-6408-4F1A-9E56-CB43608B131A}.Release|Any CPU.Build.0 = Release|Any CPU
		{0A937261-38CD-4E84-A1B1-0F164A6491BF}.Debug|Any CPU.ActiveCfg = Debug|Any CPU
		{0A937261-38CD-4E84-A1B1-0F164A6491BF}.Debug|Any CPU.Build.0 = Debug|Any CPU
		{0A937261-38CD-4E84-A1B1-0F164A6491BF}.Development|Any CPU.ActiveCfg = Debug|Any CPU
		{0A937261-38CD-4E84-A1B1-0F164A6491BF}.Development|Any CPU.Build.0 = Debug|Any CPU
		{0A937261-38CD-4E84-A1B1-0F164A6491BF}.Release|Any CPU.ActiveCfg = Release|Any CPU
		{0A937261-38CD-4E84-A1B1-0F164A6491BF}.Release|Any CPU.Build.0 = Release|Any CPU
		{8518C7F5-B1EE-48FD-824E-6BEDEEE75026}.Debug|Any CPU.ActiveCfg = Debug|Any CPU
		{8518C7F5-B1EE-48FD-824E-6BEDEEE75026}.Debug|Any CPU.Build.0 = Debug|Any CPU
		{8518C7F5-B1EE-48FD-824E-6BEDEEE75026}.Development|Any CPU.ActiveCfg = Debug|Any CPU
		{8518C7F5-B1EE-48FD-824E-6BEDEEE75026}.Development|Any CPU.Build.0 = Debug|Any CPU
		{8518C7F5-B1EE-48FD-824E-6BEDEEE75026}.Release|Any CPU.ActiveCfg = Release|Any CPU
		{8518C7F5-B1EE-48FD-824E-6BEDEEE75026}.Release|Any CPU.Build.0 = Release|Any CPU
		{3576DA17-68AE-4915-B757-1CB520070B34}.Debug|Any CPU.ActiveCfg = Development
		{3576DA17-68AE-4915-B757-1CB520070B34}.Debug|Any CPU.Build.0 = Development
		{3576DA17-68AE-4915-B757-1CB520070B34}.Development|Any CPU.ActiveCfg = Development
		{3576DA17-68AE-4915-B757-1CB520070B34}.Development|Any CPU.Build.0 = Development
		{3576DA17-68AE-4915-B757-1CB520070B34}.Release|Any CPU.ActiveCfg = Development
		{3576DA17-68AE-4915-B757-1CB520070B34}.Release|Any CPU.Build.0 = Development
		{355DCF08-756D-4930-98EB-0C76D33E6D7D}.Debug|Any CPU.ActiveCfg = Debug|Any CPU
		{355DCF08-756D-4930-98EB-0C76D33E6D7D}.Debug|Any CPU.Build.0 = Debug|Any CPU
		{355DCF08-756D-4930-98EB-0C76D33E6D7D}.Development|Any CPU.ActiveCfg = Debug|Any CPU
		{355DCF08-756D-4930-98EB-0C76D33E6D7D}.Development|Any CPU.Build.0 = Debug|Any CPU
		{355DCF08-756D-4930-98EB-0C76D33E6D7D}.Release|Any CPU.ActiveCfg = Release|Any CPU
		{355DCF08-756D-4930-98EB-0C76D33E6D7D}.Release|Any CPU.Build.0 = Release|Any CPU
		{418DF3C6-4748-45BE-8761-97E7677518AF}.Debug|Any CPU.ActiveCfg = Debug|Any CPU
		{418DF3C6-4748-45BE-8761-97E7677518AF}.Debug|Any CPU.Build.0 = Debug|Any CPU
		{418DF3C6-4748-45BE-8761-97E7677518AF}.Development|Any CPU.ActiveCfg = Debug|Any CPU
		{418DF3C6-4748-45BE-8761-97E7677518AF}.Development|Any CPU.Build.0 = Debug|Any CPU
		{418DF3C6-4748-45BE-8761-97E7677518AF}.Release|Any CPU.ActiveCfg = Release|Any CPU
		{418DF3C6-4748-45BE-8761-97E7677518AF}.Release|Any CPU.Build.0 = Release|Any CPU
		{E2F0AE5A-BDDB-463D-8BED-693004F68900}.Debug|Any CPU.ActiveCfg = Debug|Any CPU
		{E2F0AE5A-BDDB-463D-8BED-693004F68900}.Debug|Any CPU.Build.0 = Debug|Any CPU
		{E2F0AE5A-BDDB-463D-8BED-693004F68900}.Development|Any CPU.ActiveCfg = Debug|Any CPU
		{E2F0AE5A-BDDB-463D-8BED-693004F68900}.Development|Any CPU.Build.0 = Debug|Any CPU
		{E2F0AE5A-BDDB-463D-8BED-693004F68900}.Release|Any CPU.ActiveCfg = Release|Any CPU
		{E2F0AE5A-BDDB-463D-8BED-693004F68900}.Release|Any CPU.Build.0 = Release|Any CPU
		{1F45BA1B-8CA7-4BBC-9F11-7AA200D09137}.Debug|Any CPU.ActiveCfg = Debug|Any CPU
		{1F45BA1B-8CA7-4BBC-9F11-7AA200D09137}.Debug|Any CPU.Build.0 = Debug|Any CPU
		{1F45BA1B-8CA7-4BBC-9F11-7AA200D09137}.Development|Any CPU.ActiveCfg = Debug|Any CPU
		{1F45BA1B-8CA7-4BBC-9F11-7AA200D09137}.Development|Any CPU.Build.0 = Debug|Any CPU
		{1F45BA1B-8CA7-4BBC-9F11-7AA200D09137}.Release|Any CPU.ActiveCfg = Release|Any CPU
		{1F45BA1B-8CA7-4BBC-9F11-7AA200D09137}.Release|Any CPU.Build.0 = Release|Any CPU
		{8051E054-9D68-4C52-BBC7-AA98EE1CEEE8}.Debug|Any CPU.ActiveCfg = Debug|Any CPU
		{8051E054-9D68-4C52-BBC7-AA98EE1CEEE8}.Debug|Any CPU.Build.0 = Debug|Any CPU
		{8051E054-9D68-4C52-BBC7-AA98EE1CEEE8}.Development|Any CPU.ActiveCfg = Debug|Any CPU
		{8051E054-9D68-4C52-BBC7-AA98EE1CEEE8}.Development|Any CPU.Build.0 = Debug|Any CPU
		{8051E054-9D68-4C52-BBC7-AA98EE1CEEE8}.Release|Any CPU.ActiveCfg = Release|Any CPU
		{8051E054-9D68-4C52-BBC7-AA98EE1CEEE8}.Release|Any CPU.Build.0 = Release|Any CPU
		{A5CD7A17-504F-487B-97A0-E2DAD4450815}.Debug|Any CPU.ActiveCfg = Debug|Any CPU
		{A5CD7A17-504F-487B-97A0-E2DAD4450815}.Debug|Any CPU.Build.0 = Debug|Any CPU
		{A5CD7A17-504F-487B-97A0-E2DAD4450815}.Development|Any CPU.ActiveCfg = Debug|Any CPU
		{A5CD7A17-504F-487B-97A0-E2DAD4450815}.Development|Any CPU.Build.0 = Debug|Any CPU
		{A5CD7A17-504F-487B-97A0-E2DAD4450815}.Release|Any CPU.ActiveCfg = Release|Any CPU
		{A5CD7A17-504F-487B-97A0-E2DAD4450815}.Release|Any CPU.Build.0 = Release|Any CPU
		{8A4752B1-F253-4971-BC74-7B81CE7CC3BC}.Debug|Any CPU.ActiveCfg = Debug|Any CPU
		{8A4752B1-F253-4971-BC74-7B81CE7CC3BC}.Debug|Any CPU.Build.0 = Debug|Any CPU
		{8A4752B1-F253-4971-BC74-7B81CE7CC3BC}.Development|Any CPU.ActiveCfg = Debug|Any CPU
		{8A4752B1-F253-4971-BC74-7B81CE7CC3BC}.Development|Any CPU.Build.0 = Debug|Any CPU
		{8A4752B1-F253-4971-BC74-7B81CE7CC3BC}.Release|Any CPU.ActiveCfg = Release|Any CPU
		{8A4752B1-F253-4971-BC74-7B81CE7CC3BC}.Release|Any CPU.Build.0 = Release|Any CPU
		{0652883C-E0A7-4B93-92F1-D825AD33725E}.Debug|Any CPU.ActiveCfg = Debug|Any CPU
		{0652883C-E0A7-4B93-92F1-D825AD33725E}.Debug|Any CPU.Build.0 = Debug|Any CPU
		{0652883C-E0A7-4B93-92F1-D825AD33725E}.Development|Any CPU.ActiveCfg = Debug|Any CPU
		{0652883C-E0A7-4B93-92F1-D825AD33725E}.Development|Any CPU.Build.0 = Debug|Any CPU
		{0652883C-E0A7-4B93-92F1-D825AD33725E}.Release|Any CPU.ActiveCfg = Release|Any CPU
		{0652883C-E0A7-4B93-92F1-D825AD33725E}.Release|Any CPU.Build.0 = Release|Any CPU
		{77FF447D-C2D8-4EF9-B288-37418B28D7D2}.Debug|Any CPU.ActiveCfg = Debug|Any CPU
		{77FF447D-C2D8-4EF9-B288-37418B28D7D2}.Debug|Any CPU.Build.0 = Debug|Any CPU
		{77FF447D-C2D8-4EF9-B288-37418B28D7D2}.Development|Any CPU.ActiveCfg = Debug|Any CPU
		{77FF447D-C2D8-4EF9-B288-37418B28D7D2}.Development|Any CPU.Build.0 = Debug|Any CPU
		{77FF447D-C2D8-4EF9-B288-37418B28D7D2}.Release|Any CPU.ActiveCfg = Release|Any CPU
		{77FF447D-C2D8-4EF9-B288-37418B28D7D2}.Release|Any CPU.Build.0 = Release|Any CPU
		{4C02BE41-7FF6-4B90-8EAD-506E732D63C7}.Debug|Any CPU.ActiveCfg = Debug|Any CPU
		{4C02BE41-7FF6-4B90-8EAD-506E732D63C7}.Debug|Any CPU.Build.0 = Debug|Any CPU
		{4C02BE41-7FF6-4B90-8EAD-506E732D63C7}.Development|Any CPU.ActiveCfg = Debug|Any CPU
		{4C02BE41-7FF6-4B90-8EAD-506E732D63C7}.Development|Any CPU.Build.0 = Debug|Any CPU
		{4C02BE41-7FF6-4B90-8EAD-506E732D63C7}.Release|Any CPU.ActiveCfg = Release|Any CPU
		{4C02BE41-7FF6-4B90-8EAD-506E732D63C7}.Release|Any CPU.Build.0 = Release|Any CPU
		{CAA6B343-02E0-4F7D-AA42-D9F40217193E}.Debug|Any CPU.ActiveCfg = Debug|Any CPU
		{CAA6B343-02E0-4F7D-AA42-D9F40217193E}.Debug|Any CPU.Build.0 = Debug|Any CPU
		{CAA6B343-02E0-4F7D-AA42-D9F40217193E}.Development|Any CPU.ActiveCfg = Debug|Any CPU
		{CAA6B343-02E0-4F7D-AA42-D9F40217193E}.Development|Any CPU.Build.0 = Debug|Any CPU
		{CAA6B343-02E0-4F7D-AA42-D9F40217193E}.Release|Any CPU.ActiveCfg = Release|Any CPU
		{CAA6B343-02E0-4F7D-AA42-D9F40217193E}.Release|Any CPU.Build.0 = Release|Any CPU
		{8E1DD02E-0805-4959-8D2B-BD9FBB467BE9}.Debug|Any CPU.ActiveCfg = Debug|Any CPU
		{8E1DD02E-0805-4959-8D2B-BD9FBB467BE9}.Debug|Any CPU.Build.0 = Debug|Any CPU
		{8E1DD02E-0805-4959-8D2B-BD9FBB467BE9}.Development|Any CPU.ActiveCfg = Debug|Any CPU
		{8E1DD02E-0805-4959-8D2B-BD9FBB467BE9}.Development|Any CPU.Build.0 = Debug|Any CPU
		{8E1DD02E-0805-4959-8D2B-BD9FBB467BE9}.Release|Any CPU.ActiveCfg = Release|Any CPU
		{8E1DD02E-0805-4959-8D2B-BD9FBB467BE9}.Release|Any CPU.Build.0 = Release|Any CPU
		{FB4B9468-D6A8-49D7-8E9B-BFAF1CD24C12}.Debug|Any CPU.ActiveCfg = Debug|Any CPU
		{FB4B9468-D6A8-49D7-8E9B-BFAF1CD24C12}.Debug|Any CPU.Build.0 = Debug|Any CPU
		{FB4B9468-D6A8-49D7-8E9B-BFAF1CD24C12}.Development|Any CPU.ActiveCfg = Debug|Any CPU
		{FB4B9468-D6A8-49D7-8E9B-BFAF1CD24C12}.Development|Any CPU.Build.0 = Debug|Any CPU
		{FB4B9468-D6A8-49D7-8E9B-BFAF1CD24C12}.Release|Any CPU.ActiveCfg = Release|Any CPU
		{FB4B9468-D6A8-49D7-8E9B-BFAF1CD24C12}.Release|Any CPU.Build.0 = Release|Any CPU
		{0D9BDF65-16D8-40AD-9EBE-1B7306241E49}.Debug|Any CPU.ActiveCfg = Debug|Any CPU
		{0D9BDF65-16D8-40AD-9EBE-1B7306241E49}.Debug|Any CPU.Build.0 = Debug|Any CPU
		{0D9BDF65-16D8-40AD-9EBE-1B7306241E49}.Development|Any CPU.ActiveCfg = Debug|Any CPU
		{0D9BDF65-16D8-40AD-9EBE-1B7306241E49}.Development|Any CPU.Build.0 = Debug|Any CPU
		{0D9BDF65-16D8-40AD-9EBE-1B7306241E49}.Release|Any CPU.ActiveCfg = Release|Any CPU
		{0D9BDF65-16D8-40AD-9EBE-1B7306241E49}.Release|Any CPU.Build.0 = Release|Any CPU
		{012B8F2C-2AFD-4A65-A0A5-FF1F8DC529F4}.Debug|Any CPU.ActiveCfg = Debug|Any CPU
		{012B8F2C-2AFD-4A65-A0A5-FF1F8DC529F4}.Debug|Any CPU.Build.0 = Debug|Any CPU
		{012B8F2C-2AFD-4A65-A0A5-FF1F8DC529F4}.Development|Any CPU.ActiveCfg = Debug|Any CPU
		{012B8F2C-2AFD-4A65-A0A5-FF1F8DC529F4}.Development|Any CPU.Build.0 = Debug|Any CPU
		{012B8F2C-2AFD-4A65-A0A5-FF1F8DC529F4}.Release|Any CPU.ActiveCfg = Release|Any CPU
		{012B8F2C-2AFD-4A65-A0A5-FF1F8DC529F4}.Release|Any CPU.Build.0 = Release|Any CPU
		{F982E170-C8AC-47D8-8575-DB61B445BCD2}.Debug|Any CPU.ActiveCfg = Debug|Any CPU
		{F982E170-C8AC-47D8-8575-DB61B445BCD2}.Debug|Any CPU.Build.0 = Debug|Any CPU
		{F982E170-C8AC-47D8-8575-DB61B445BCD2}.Development|Any CPU.ActiveCfg = Debug|Any CPU
		{F982E170-C8AC-47D8-8575-DB61B445BCD2}.Development|Any CPU.Build.0 = Debug|Any CPU
		{F982E170-C8AC-47D8-8575-DB61B445BCD2}.Release|Any CPU.ActiveCfg = Release|Any CPU
		{F982E170-C8AC-47D8-8575-DB61B445BCD2}.Release|Any CPU.Build.0 = Release|Any CPU
		{71C9E76B-50BF-4730-9DE1-702A53BB44EA}.Debug|Any CPU.ActiveCfg = Debug|Any CPU
		{71C9E76B-50BF-4730-9DE1-702A53BB44EA}.Debug|Any CPU.Build.0 = Debug|Any CPU
		{71C9E76B-50BF-4730-9DE1-702A53BB44EA}.Development|Any CPU.ActiveCfg = Debug|Any CPU
		{71C9E76B-50BF-4730-9DE1-702A53BB44EA}.Development|Any CPU.Build.0 = Debug|Any CPU
		{71C9E76B-50BF-4730-9DE1-702A53BB44EA}.Release|Any CPU.ActiveCfg = Release|Any CPU
		{71C9E76B-50BF-4730-9DE1-702A53BB44EA}.Release|Any CPU.Build.0 = Release|Any CPU
		{96BE13C4-46ED-49CD-9767-CE5F9D969707}.Debug|Any CPU.ActiveCfg = Debug|Any CPU
		{96BE13C4-46ED-49CD-9767-CE5F9D969707}.Debug|Any CPU.Build.0 = Debug|Any CPU
		{96BE13C4-46ED-49CD-9767-CE5F9D969707}.Development|Any CPU.ActiveCfg = Debug|Any CPU
		{96BE13C4-46ED-49CD-9767-CE5F9D969707}.Development|Any CPU.Build.0 = Debug|Any CPU
		{96BE13C4-46ED-49CD-9767-CE5F9D969707}.Release|Any CPU.ActiveCfg = Release|Any CPU
		{96BE13C4-46ED-49CD-9767-CE5F9D969707}.Release|Any CPU.Build.0 = Release|Any CPU
		{753BD2F0-7F4F-4C7E-8335-38C0F1EA5130}.Debug|Any CPU.ActiveCfg = Debug|Any CPU
		{753BD2F0-7F4F-4C7E-8335-38C0F1EA5130}.Debug|Any CPU.Build.0 = Debug|Any CPU
		{753BD2F0-7F4F-4C7E-8335-38C0F1EA5130}.Development|Any CPU.ActiveCfg = Debug|Any CPU
		{753BD2F0-7F4F-4C7E-8335-38C0F1EA5130}.Development|Any CPU.Build.0 = Debug|Any CPU
		{753BD2F0-7F4F-4C7E-8335-38C0F1EA5130}.Release|Any CPU.ActiveCfg = Release|Any CPU
		{753BD2F0-7F4F-4C7E-8335-38C0F1EA5130}.Release|Any CPU.Build.0 = Release|Any CPU
		{352ADD91-BECF-4B4B-AB48-7B1E5B8FDEE5}.Debug|Any CPU.ActiveCfg = Debug|Any CPU
		{352ADD91-BECF-4B4B-AB48-7B1E5B8FDEE5}.Debug|Any CPU.Build.0 = Debug|Any CPU
		{352ADD91-BECF-4B4B-AB48-7B1E5B8FDEE5}.Development|Any CPU.ActiveCfg = Debug|Any CPU
		{352ADD91-BECF-4B4B-AB48-7B1E5B8FDEE5}.Development|Any CPU.Build.0 = Debug|Any CPU
		{352ADD91-BECF-4B4B-AB48-7B1E5B8FDEE5}.Release|Any CPU.ActiveCfg = Release|Any CPU
		{352ADD91-BECF-4B4B-AB48-7B1E5B8FDEE5}.Release|Any CPU.Build.0 = Release|Any CPU
		{BA4E3AC2-1489-423E-8A34-3D0B4B9B086A}.Debug|Any CPU.ActiveCfg = Debug|Any CPU
		{BA4E3AC2-1489-423E-8A34-3D0B4B9B086A}.Debug|Any CPU.Build.0 = Debug|Any CPU
		{BA4E3AC2-1489-423E-8A34-3D0B4B9B086A}.Development|Any CPU.ActiveCfg = Debug|Any CPU
		{BA4E3AC2-1489-423E-8A34-3D0B4B9B086A}.Development|Any CPU.Build.0 = Debug|Any CPU
		{BA4E3AC2-1489-423E-8A34-3D0B4B9B086A}.Release|Any CPU.ActiveCfg = Release|Any CPU
		{BA4E3AC2-1489-423E-8A34-3D0B4B9B086A}.Release|Any CPU.Build.0 = Release|Any CPU
		{D44935E6-865C-470E-ACF7-53173432D50F}.Debug|Any CPU.ActiveCfg = Debug|Any CPU
		{D44935E6-865C-470E-ACF7-53173432D50F}.Debug|Any CPU.Build.0 = Debug|Any CPU
		{D44935E6-865C-470E-ACF7-53173432D50F}.Development|Any CPU.ActiveCfg = Debug|Any CPU
		{D44935E6-865C-470E-ACF7-53173432D50F}.Development|Any CPU.Build.0 = Debug|Any CPU
		{D44935E6-865C-470E-ACF7-53173432D50F}.Release|Any CPU.ActiveCfg = Release|Any CPU
		{D44935E6-865C-470E-ACF7-53173432D50F}.Release|Any CPU.Build.0 = Release|Any CPU
		{AD93086B-E031-4005-A034-1CF6D247B958}.Debug|Any CPU.ActiveCfg = Debug|Any CPU
		{AD93086B-E031-4005-A034-1CF6D247B958}.Debug|Any CPU.Build.0 = Debug|Any CPU
		{AD93086B-E031-4005-A034-1CF6D247B958}.Development|Any CPU.ActiveCfg = Debug|Any CPU
		{AD93086B-E031-4005-A034-1CF6D247B958}.Development|Any CPU.Build.0 = Debug|Any CPU
		{AD93086B-E031-4005-A034-1CF6D247B958}.Release|Any CPU.ActiveCfg = Release|Any CPU
		{AD93086B-E031-4005-A034-1CF6D247B958}.Release|Any CPU.Build.0 = Release|Any CPU
		{8237410C-3E4A-4EE7-A458-BF2BE22FF1BE}.Debug|Any CPU.ActiveCfg = Debug|Any CPU
		{8237410C-3E4A-4EE7-A458-BF2BE22FF1BE}.Debug|Any CPU.Build.0 = Debug|Any CPU
		{8237410C-3E4A-4EE7-A458-BF2BE22FF1BE}.Development|Any CPU.ActiveCfg = Debug|Any CPU
		{8237410C-3E4A-4EE7-A458-BF2BE22FF1BE}.Development|Any CPU.Build.0 = Debug|Any CPU
		{8237410C-3E4A-4EE7-A458-BF2BE22FF1BE}.Release|Any CPU.ActiveCfg = Release|Any CPU
		{8237410C-3E4A-4EE7-A458-BF2BE22FF1BE}.Release|Any CPU.Build.0 = Release|Any CPU
		{6DC50E0D-9B08-47E9-97D6-D0F245E8C723}.Debug|Any CPU.ActiveCfg = Debug|Any CPU
		{6DC50E0D-9B08-47E9-97D6-D0F245E8C723}.Debug|Any CPU.Build.0 = Debug|Any CPU
		{6DC50E0D-9B08-47E9-97D6-D0F245E8C723}.Development|Any CPU.ActiveCfg = Debug|Any CPU
		{6DC50E0D-9B08-47E9-97D6-D0F245E8C723}.Development|Any CPU.Build.0 = Debug|Any CPU
		{6DC50E0D-9B08-47E9-97D6-D0F245E8C723}.Release|Any CPU.ActiveCfg = Release|Any CPU
		{6DC50E0D-9B08-47E9-97D6-D0F245E8C723}.Release|Any CPU.Build.0 = Release|Any CPU
		{6C3BB340-5B15-40D6-8D44-B2C47444FB23}.Debug|Any CPU.ActiveCfg = Debug|Any CPU
		{6C3BB340-5B15-40D6-8D44-B2C47444FB23}.Debug|Any CPU.Build.0 = Debug|Any CPU
		{6C3BB340-5B15-40D6-8D44-B2C47444FB23}.Development|Any CPU.ActiveCfg = Debug|Any CPU
		{6C3BB340-5B15-40D6-8D44-B2C47444FB23}.Development|Any CPU.Build.0 = Debug|Any CPU
		{6C3BB340-5B15-40D6-8D44-B2C47444FB23}.Release|Any CPU.ActiveCfg = Release|Any CPU
		{6C3BB340-5B15-40D6-8D44-B2C47444FB23}.Release|Any CPU.Build.0 = Release|Any CPU
		{C8573F22-1CC2-49E2-B731-2ABF31FB55A6}.Debug|Any CPU.ActiveCfg = Debug|Any CPU
		{C8573F22-1CC2-49E2-B731-2ABF31FB55A6}.Debug|Any CPU.Build.0 = Debug|Any CPU
		{C8573F22-1CC2-49E2-B731-2ABF31FB55A6}.Development|Any CPU.ActiveCfg = Debug|Any CPU
		{C8573F22-1CC2-49E2-B731-2ABF31FB55A6}.Development|Any CPU.Build.0 = Debug|Any CPU
		{C8573F22-1CC2-49E2-B731-2ABF31FB55A6}.Release|Any CPU.ActiveCfg = Release|Any CPU
		{C8573F22-1CC2-49E2-B731-2ABF31FB55A6}.Release|Any CPU.Build.0 = Release|Any CPU
		{87A5982B-7EC1-44D8-B042-0007900D0031}.Debug|Any CPU.ActiveCfg = Debug|Any CPU
		{87A5982B-7EC1-44D8-B042-0007900D0031}.Debug|Any CPU.Build.0 = Debug|Any CPU
		{87A5982B-7EC1-44D8-B042-0007900D0031}.Development|Any CPU.ActiveCfg = Debug|Any CPU
		{87A5982B-7EC1-44D8-B042-0007900D0031}.Development|Any CPU.Build.0 = Debug|Any CPU
		{87A5982B-7EC1-44D8-B042-0007900D0031}.Release|Any CPU.ActiveCfg = Release|Any CPU
		{87A5982B-7EC1-44D8-B042-0007900D0031}.Release|Any CPU.Build.0 = Release|Any CPU
		{C8FF83F4-C860-4F50-885D-BFF6B50BF65C}.Debug|Any CPU.ActiveCfg = Debug|Any CPU
		{C8FF83F4-C860-4F50-885D-BFF6B50BF65C}.Debug|Any CPU.Build.0 = Debug|Any CPU
		{C8FF83F4-C860-4F50-885D-BFF6B50BF65C}.Development|Any CPU.ActiveCfg = Debug|Any CPU
		{C8FF83F4-C860-4F50-885D-BFF6B50BF65C}.Development|Any CPU.Build.0 = Debug|Any CPU
		{C8FF83F4-C860-4F50-885D-BFF6B50BF65C}.Release|Any CPU.ActiveCfg = Release|Any CPU
		{C8FF83F4-C860-4F50-885D-BFF6B50BF65C}.Release|Any CPU.Build.0 = Release|Any CPU
		{B01F9417-06E4-4AAD-A1AF-580E4CF53A75}.Debug|Any CPU.ActiveCfg = Debug|Any CPU
		{B01F9417-06E4-4AAD-A1AF-580E4CF53A75}.Debug|Any CPU.Build.0 = Debug|Any CPU
		{B01F9417-06E4-4AAD-A1AF-580E4CF53A75}.Development|Any CPU.ActiveCfg = Debug|Any CPU
		{B01F9417-06E4-4AAD-A1AF-580E4CF53A75}.Development|Any CPU.Build.0 = Debug|Any CPU
		{B01F9417-06E4-4AAD-A1AF-580E4CF53A75}.Release|Any CPU.ActiveCfg = Release|Any CPU
		{B01F9417-06E4-4AAD-A1AF-580E4CF53A75}.Release|Any CPU.Build.0 = Release|Any CPU
		{81BA54CA-092B-4CD5-A51F-F9362AF0CD98}.Debug|Any CPU.ActiveCfg = Debug|Any CPU
		{81BA54CA-092B-4CD5-A51F-F9362AF0CD98}.Debug|Any CPU.Build.0 = Debug|Any CPU
		{81BA54CA-092B-4CD5-A51F-F9362AF0CD98}.Development|Any CPU.ActiveCfg = Debug|Any CPU
		{81BA54CA-092B-4CD5-A51F-F9362AF0CD98}.Development|Any CPU.Build.0 = Debug|Any CPU
		{81BA54CA-092B-4CD5-A51F-F9362AF0CD98}.Release|Any CPU.ActiveCfg = Release|Any CPU
		{81BA54CA-092B-4CD5-A51F-F9362AF0CD98}.Release|Any CPU.Build.0 = Release|Any CPU
		{589C1BFF-21A8-4D69-BB4A-9B2488298DD7}.Debug|Any CPU.ActiveCfg = Debug|Any CPU
		{589C1BFF-21A8-4D69-BB4A-9B2488298DD7}.Debug|Any CPU.Build.0 = Debug|Any CPU
		{589C1BFF-21A8-4D69-BB4A-9B2488298DD7}.Development|Any CPU.ActiveCfg = Debug|Any CPU
		{589C1BFF-21A8-4D69-BB4A-9B2488298DD7}.Development|Any CPU.Build.0 = Debug|Any CPU
		{589C1BFF-21A8-4D69-BB4A-9B2488298DD7}.Release|Any CPU.ActiveCfg = Release|Any CPU
		{589C1BFF-21A8-4D69-BB4A-9B2488298DD7}.Release|Any CPU.Build.0 = Release|Any CPU
		{11C63F25-9E4C-4D29-A3B9-C98202D29707}.Debug|Any CPU.ActiveCfg = Debug|Any CPU
		{11C63F25-9E4C-4D29-A3B9-C98202D29707}.Debug|Any CPU.Build.0 = Debug|Any CPU
		{11C63F25-9E4C-4D29-A3B9-C98202D29707}.Development|Any CPU.ActiveCfg = Debug|Any CPU
		{11C63F25-9E4C-4D29-A3B9-C98202D29707}.Development|Any CPU.Build.0 = Debug|Any CPU
		{11C63F25-9E4C-4D29-A3B9-C98202D29707}.Release|Any CPU.ActiveCfg = Release|Any CPU
		{11C63F25-9E4C-4D29-A3B9-C98202D29707}.Release|Any CPU.Build.0 = Release|Any CPU
		{1A3D60CE-747F-406F-A6C9-55545683B340}.Debug|Any CPU.ActiveCfg = Debug|Any CPU
		{1A3D60CE-747F-406F-A6C9-55545683B340}.Debug|Any CPU.Build.0 = Debug|Any CPU
		{1A3D60CE-747F-406F-A6C9-55545683B340}.Development|Any CPU.ActiveCfg = Debug|Any CPU
		{1A3D60CE-747F-406F-A6C9-55545683B340}.Development|Any CPU.Build.0 = Debug|Any CPU
		{1A3D60CE-747F-406F-A6C9-55545683B340}.Release|Any CPU.ActiveCfg = Release|Any CPU
		{1A3D60CE-747F-406F-A6C9-55545683B340}.Release|Any CPU.Build.0 = Release|Any CPU
		{EB752EB1-9CB6-4E6B-B7EB-193A83EFDC3F}.Debug|Any CPU.ActiveCfg = Debug|Any CPU
		{EB752EB1-9CB6-4E6B-B7EB-193A83EFDC3F}.Debug|Any CPU.Build.0 = Debug|Any CPU
		{EB752EB1-9CB6-4E6B-B7EB-193A83EFDC3F}.Development|Any CPU.ActiveCfg = Debug|Any CPU
		{EB752EB1-9CB6-4E6B-B7EB-193A83EFDC3F}.Development|Any CPU.Build.0 = Debug|Any CPU
		{EB752EB1-9CB6-4E6B-B7EB-193A83EFDC3F}.Release|Any CPU.ActiveCfg = Release|Any CPU
		{EB752EB1-9CB6-4E6B-B7EB-193A83EFDC3F}.Release|Any CPU.Build.0 = Release|Any CPU
		{3988900C-5D06-466F-B9BC-4E5C7C4FE05E}.Debug|Any CPU.ActiveCfg = Debug|Any CPU
		{3988900C-5D06-466F-B9BC-4E5C7C4FE05E}.Debug|Any CPU.Build.0 = Debug|Any CPU
		{3988900C-5D06-466F-B9BC-4E5C7C4FE05E}.Development|Any CPU.ActiveCfg = Debug|Any CPU
		{3988900C-5D06-466F-B9BC-4E5C7C4FE05E}.Development|Any CPU.Build.0 = Debug|Any CPU
		{3988900C-5D06-466F-B9BC-4E5C7C4FE05E}.Release|Any CPU.ActiveCfg = Release|Any CPU
		{3988900C-5D06-466F-B9BC-4E5C7C4FE05E}.Release|Any CPU.Build.0 = Release|Any CPU
		{6C129EAA-5C80-4B2D-B2C2-FAE9519742C1}.Debug|Any CPU.ActiveCfg = Debug|Any CPU
		{6C129EAA-5C80-4B2D-B2C2-FAE9519742C1}.Debug|Any CPU.Build.0 = Debug|Any CPU
		{6C129EAA-5C80-4B2D-B2C2-FAE9519742C1}.Development|Any CPU.ActiveCfg = Debug|Any CPU
		{6C129EAA-5C80-4B2D-B2C2-FAE9519742C1}.Development|Any CPU.Build.0 = Debug|Any CPU
		{6C129EAA-5C80-4B2D-B2C2-FAE9519742C1}.Release|Any CPU.ActiveCfg = Release|Any CPU
		{6C129EAA-5C80-4B2D-B2C2-FAE9519742C1}.Release|Any CPU.Build.0 = Release|Any CPU
		{F12FF11B-C27F-48D5-B7E2-8F5645FAEC88}.Debug|Any CPU.ActiveCfg = Debug|Any CPU
		{F12FF11B-C27F-48D5-B7E2-8F5645FAEC88}.Debug|Any CPU.Build.0 = Debug|Any CPU
		{F12FF11B-C27F-48D5-B7E2-8F5645FAEC88}.Development|Any CPU.ActiveCfg = Debug|Any CPU
		{F12FF11B-C27F-48D5-B7E2-8F5645FAEC88}.Development|Any CPU.Build.0 = Debug|Any CPU
		{F12FF11B-C27F-48D5-B7E2-8F5645FAEC88}.Release|Any CPU.ActiveCfg = Release|Any CPU
		{F12FF11B-C27F-48D5-B7E2-8F5645FAEC88}.Release|Any CPU.Build.0 = Release|Any CPU
		{70138FC1-4A46-4DFA-9E9C-F0454C554F0B}.Debug|Any CPU.ActiveCfg = Debug|Any CPU
		{70138FC1-4A46-4DFA-9E9C-F0454C554F0B}.Debug|Any CPU.Build.0 = Debug|Any CPU
		{70138FC1-4A46-4DFA-9E9C-F0454C554F0B}.Development|Any CPU.ActiveCfg = Debug|Any CPU
		{70138FC1-4A46-4DFA-9E9C-F0454C554F0B}.Development|Any CPU.Build.0 = Debug|Any CPU
		{70138FC1-4A46-4DFA-9E9C-F0454C554F0B}.Release|Any CPU.ActiveCfg = Release|Any CPU
		{70138FC1-4A46-4DFA-9E9C-F0454C554F0B}.Release|Any CPU.Build.0 = Release|Any CPU
		{88F40A9D-8AB6-4C44-BD1A-02E85D27177F}.Debug|Any CPU.ActiveCfg = Debug|Any CPU
		{88F40A9D-8AB6-4C44-BD1A-02E85D27177F}.Debug|Any CPU.Build.0 = Debug|Any CPU
		{88F40A9D-8AB6-4C44-BD1A-02E85D27177F}.Development|Any CPU.ActiveCfg = Debug|Any CPU
		{88F40A9D-8AB6-4C44-BD1A-02E85D27177F}.Development|Any CPU.Build.0 = Debug|Any CPU
		{88F40A9D-8AB6-4C44-BD1A-02E85D27177F}.Release|Any CPU.ActiveCfg = Release|Any CPU
		{88F40A9D-8AB6-4C44-BD1A-02E85D27177F}.Release|Any CPU.Build.0 = Release|Any CPU
		{D5552BD7-7FDB-4F01-9D94-058225A0E6EF}.Debug|Any CPU.ActiveCfg = Debug|Any CPU
		{D5552BD7-7FDB-4F01-9D94-058225A0E6EF}.Debug|Any CPU.Build.0 = Debug|Any CPU
		{D5552BD7-7FDB-4F01-9D94-058225A0E6EF}.Development|Any CPU.ActiveCfg = Debug|Any CPU
		{D5552BD7-7FDB-4F01-9D94-058225A0E6EF}.Development|Any CPU.Build.0 = Debug|Any CPU
		{D5552BD7-7FDB-4F01-9D94-058225A0E6EF}.Release|Any CPU.ActiveCfg = Release|Any CPU
		{D5552BD7-7FDB-4F01-9D94-058225A0E6EF}.Release|Any CPU.Build.0 = Release|Any CPU
		{D742531E-FB96-4BF6-A0D3-5051765FFC6F}.Debug|Any CPU.ActiveCfg = Debug|Any CPU
		{D742531E-FB96-4BF6-A0D3-5051765FFC6F}.Debug|Any CPU.Build.0 = Debug|Any CPU
		{D742531E-FB96-4BF6-A0D3-5051765FFC6F}.Development|Any CPU.ActiveCfg = Debug|Any CPU
		{D742531E-FB96-4BF6-A0D3-5051765FFC6F}.Development|Any CPU.Build.0 = Debug|Any CPU
		{D742531E-FB96-4BF6-A0D3-5051765FFC6F}.Release|Any CPU.ActiveCfg = Release|Any CPU
		{D742531E-FB96-4BF6-A0D3-5051765FFC6F}.Release|Any CPU.Build.0 = Release|Any CPU
	EndGlobalSection
	GlobalSection(SolutionProperties) = preSolution
		HideSolutionNode = FALSE
	EndGlobalSection
	GlobalSection(NestedProjects) = preSolution
		{3F74803E-E3D7-4ECB-AC1E-7BB52FA018A2} = {58174C6E-D780-4BC0-AD9F-737F31C12C9B}
		{CF0B7591-610A-45C5-A160-9F1F1FD01804} = {58174C6E-D780-4BC0-AD9F-737F31C12C9B}
		{A038843C-1375-4866-B4C9-5C090D90DCFF} = {58174C6E-D780-4BC0-AD9F-737F31C12C9B}
		{4F2F71C5-C652-4E35-8DA5-4D1E4A3F78F1} = {589D874F-E4DC-44E7-AADE-F2F7E9BF7577}
		{10F748B6-0166-4A41-9FAC-FFC812568CC4} = {6E2D431F-7918-4958-8F55-5FCA8C69F740}
		{E7A8CEFD-9D11-424B-BA64-0D9CC4011375} = {AA479F3F-9B43-4EE0-A551-3FB8BC38BFF8}
		{C4FF1C9A-8B40-458F-A399-B13FD5DDED57} = {AA479F3F-9B43-4EE0-A551-3FB8BC38BFF8}
		{483E469A-9B92-4B65-9382-0E15C013231F} = {AA479F3F-9B43-4EE0-A551-3FB8BC38BFF8}
		{058A38E5-6B32-46EA-8B2B-1DFE21E759B8} = {D4B8B8CD-3468-44EB-841A-9A5D0ABFB890}
		{A0B2EE11-34B5-446F-BF99-D26CDBEE1E03} = {AA479F3F-9B43-4EE0-A551-3FB8BC38BFF8}
		{0BAF59E8-CBA6-408C-8784-630FD822CD9E} = {AA479F3F-9B43-4EE0-A551-3FB8BC38BFF8}
		{08679C11-71A2-4E27-8BA2-9E817EADA654} = {589D874F-E4DC-44E7-AADE-F2F7E9BF7577}
		{B16B2D98-1E9A-44F8-85F1-A6DE590F0FAC} = {589D874F-E4DC-44E7-AADE-F2F7E9BF7577}
		{F904F218-816D-4BF9-90FF-875F9429CE7F} = {D4B8B8CD-3468-44EB-841A-9A5D0ABFB890}
		{40183893-36B5-4023-A1D1-AE52943D627D} = {AA479F3F-9B43-4EE0-A551-3FB8BC38BFF8}
		{7BFECF22-C22D-4D50-8AAA-CC15F4D0F73D} = {D4B8B8CD-3468-44EB-841A-9A5D0ABFB890}
		{D505DAF3-307F-4D8E-A9C6-DD1A3D75AAF1} = {AA479F3F-9B43-4EE0-A551-3FB8BC38BFF8}
		{97062DE2-CCE4-44C3-8A1D-5EB9506D893B} = {D4B8B8CD-3468-44EB-841A-9A5D0ABFB890}
		{72703570-7C5D-429E-A968-F33667DBB27C} = {589D874F-E4DC-44E7-AADE-F2F7E9BF7577}
		{1328A45C-6408-4F1A-9E56-CB43608B131A} = {6E2D431F-7918-4958-8F55-5FCA8C69F740}
		{0A937261-38CD-4E84-A1B1-0F164A6491BF} = {AA479F3F-9B43-4EE0-A551-3FB8BC38BFF8}
		{8518C7F5-B1EE-48FD-824E-6BEDEEE75026} = {6E2D431F-7918-4958-8F55-5FCA8C69F740}
		{3576DA17-68AE-4915-B757-1CB520070B34} = {BF67865B-8868-4E1A-8671-914B2E93D585}
		{355DCF08-756D-4930-98EB-0C76D33E6D7D} = {6E2D431F-7918-4958-8F55-5FCA8C69F740}
		{418DF3C6-4748-45BE-8761-97E7677518AF} = {D4B8B8CD-3468-44EB-841A-9A5D0ABFB890}
		{E2F0AE5A-BDDB-463D-8BED-693004F68900} = {AA479F3F-9B43-4EE0-A551-3FB8BC38BFF8}
		{1F45BA1B-8CA7-4BBC-9F11-7AA200D09137} = {AA479F3F-9B43-4EE0-A551-3FB8BC38BFF8}
		{8051E054-9D68-4C52-BBC7-AA98EE1CEEE8} = {D4B8B8CD-3468-44EB-841A-9A5D0ABFB890}
		{A5CD7A17-504F-487B-97A0-E2DAD4450815} = {AA479F3F-9B43-4EE0-A551-3FB8BC38BFF8}
		{8A4752B1-F253-4971-BC74-7B81CE7CC3BC} = {AA479F3F-9B43-4EE0-A551-3FB8BC38BFF8}
		{0652883C-E0A7-4B93-92F1-D825AD33725E} = {6E2D431F-7918-4958-8F55-5FCA8C69F740}
		{77FF447D-C2D8-4EF9-B288-37418B28D7D2} = {AA479F3F-9B43-4EE0-A551-3FB8BC38BFF8}
		{4C02BE41-7FF6-4B90-8EAD-506E732D63C7} = {AA479F3F-9B43-4EE0-A551-3FB8BC38BFF8}
		{CAA6B343-02E0-4F7D-AA42-D9F40217193E} = {D4B8B8CD-3468-44EB-841A-9A5D0ABFB890}
		{8E1DD02E-0805-4959-8D2B-BD9FBB467BE9} = {D4B8B8CD-3468-44EB-841A-9A5D0ABFB890}
		{FB4B9468-D6A8-49D7-8E9B-BFAF1CD24C12} = {D4B8B8CD-3468-44EB-841A-9A5D0ABFB890}
		{0D9BDF65-16D8-40AD-9EBE-1B7306241E49} = {AA479F3F-9B43-4EE0-A551-3FB8BC38BFF8}
		{012B8F2C-2AFD-4A65-A0A5-FF1F8DC529F4} = {AA479F3F-9B43-4EE0-A551-3FB8BC38BFF8}
		{F982E170-C8AC-47D8-8575-DB61B445BCD2} = {D4B8B8CD-3468-44EB-841A-9A5D0ABFB890}
		{71C9E76B-50BF-4730-9DE1-702A53BB44EA} = {D4B8B8CD-3468-44EB-841A-9A5D0ABFB890}
		{96BE13C4-46ED-49CD-9767-CE5F9D969707} = {AA479F3F-9B43-4EE0-A551-3FB8BC38BFF8}
		{753BD2F0-7F4F-4C7E-8335-38C0F1EA5130} = {AA479F3F-9B43-4EE0-A551-3FB8BC38BFF8}
		{352ADD91-BECF-4B4B-AB48-7B1E5B8FDEE5} = {D4B8B8CD-3468-44EB-841A-9A5D0ABFB890}
		{BA4E3AC2-1489-423E-8A34-3D0B4B9B086A} = {D4B8B8CD-3468-44EB-841A-9A5D0ABFB890}
		{D44935E6-865C-470E-ACF7-53173432D50F} = {589D874F-E4DC-44E7-AADE-F2F7E9BF7577}
		{AD93086B-E031-4005-A034-1CF6D247B958} = {D4B8B8CD-3468-44EB-841A-9A5D0ABFB890}
		{8237410C-3E4A-4EE7-A458-BF2BE22FF1BE} = {D4B8B8CD-3468-44EB-841A-9A5D0ABFB890}
		{6DC50E0D-9B08-47E9-97D6-D0F245E8C723} = {D4B8B8CD-3468-44EB-841A-9A5D0ABFB890}
		{6C3BB340-5B15-40D6-8D44-B2C47444FB23} = {D4B8B8CD-3468-44EB-841A-9A5D0ABFB890}
		{C8573F22-1CC2-49E2-B731-2ABF31FB55A6} = {D4B8B8CD-3468-44EB-841A-9A5D0ABFB890}
		{87A5982B-7EC1-44D8-B042-0007900D0031} = {D4B8B8CD-3468-44EB-841A-9A5D0ABFB890}
		{C8FF83F4-C860-4F50-885D-BFF6B50BF65C} = {D4B8B8CD-3468-44EB-841A-9A5D0ABFB890}
		{B01F9417-06E4-4AAD-A1AF-580E4CF53A75} = {50AD1483-DE45-4C7A-BEDB-D98F056BC3B0}
		{81BA54CA-092B-4CD5-A51F-F9362AF0CD98} = {D4B8B8CD-3468-44EB-841A-9A5D0ABFB890}
		{589C1BFF-21A8-4D69-BB4A-9B2488298DD7} = {D4B8B8CD-3468-44EB-841A-9A5D0ABFB890}
		{11C63F25-9E4C-4D29-A3B9-C98202D29707} = {D4B8B8CD-3468-44EB-841A-9A5D0ABFB890}
		{1A3D60CE-747F-406F-A6C9-55545683B340} = {D4B8B8CD-3468-44EB-841A-9A5D0ABFB890}
		{EB752EB1-9CB6-4E6B-B7EB-193A83EFDC3F} = {D4B8B8CD-3468-44EB-841A-9A5D0ABFB890}
		{3988900C-5D06-466F-B9BC-4E5C7C4FE05E} = {AA479F3F-9B43-4EE0-A551-3FB8BC38BFF8}
		{6C129EAA-5C80-4B2D-B2C2-FAE9519742C1} = {6E2D431F-7918-4958-8F55-5FCA8C69F740}
		{F12FF11B-C27F-48D5-B7E2-8F5645FAEC88} = {D4B8B8CD-3468-44EB-841A-9A5D0ABFB890}
		{70138FC1-4A46-4DFA-9E9C-F0454C554F0B} = {589D874F-E4DC-44E7-AADE-F2F7E9BF7577}
		{88F40A9D-8AB6-4C44-BD1A-02E85D27177F} = {AA479F3F-9B43-4EE0-A551-3FB8BC38BFF8}
		{D5552BD7-7FDB-4F01-9D94-058225A0E6EF} = {AA479F3F-9B43-4EE0-A551-3FB8BC38BFF8}
		{D742531E-FB96-4BF6-A0D3-5051765FFC6F} = {6E2D431F-7918-4958-8F55-5FCA8C69F740}
	EndGlobalSection
EndGlobal
